// !$*UTF8*$!
{
	archiveVersion = 1;
	classes = {
	};
	objectVersion = 77;
	objects = {

/* Begin PBXBuildFile section */
		13B07FBF1A68108700A75B9A /* Images.xcassets in Resources */ = {isa = PBXBuildFile; fileRef = 13B07FB51A68108700A75B9A /* Images.xcassets */; };
		5326AF4A4DECB80A70586DB4 /* PrivacyInfo.xcprivacy in Resources */ = {isa = PBXBuildFile; fileRef = 13B07FB81A68108700A75B9A /* PrivacyInfo.xcprivacy */; };
		6A1E33702F220FCA00035455 /* KeyboardPreferences.swift in Sources */ = {isa = PBXBuildFile; fileRef = 6A1E336D2F220FCA00035455 /* KeyboardPreferences.swift */; };
		6A1E33722F2216ED00035455 /* KeyboardPreferencesModule.m in Sources */ = {isa = PBXBuildFile; fileRef = 6A1E33712F2216ED00035455 /* KeyboardPreferencesModule.m */; };
		6A1E33752F22170C00035455 /* KeyboardPreferencesModule.swift in Sources */ = {isa = PBXBuildFile; fileRef = 6A1E33742F22170B00035455 /* KeyboardPreferencesModule.swift */; };
		6A1E33772F22198A00035455 /* KeyboardModels.swift in Sources */ = {isa = PBXBuildFile; fileRef = 6A1E33762F22198A00035455 /* KeyboardModels.swift */; };
		6A73B6892F24E985003898A5 /* KeyboardRenderer.swift in Sources */ = {isa = PBXBuildFile; fileRef = 6A73B6882F24E985003898A5 /* KeyboardRenderer.swift */; };
		6A73B68E2F24E9B1003898A5 /* KeyboardPreviewViewManager.swift in Sources */ = {isa = PBXBuildFile; fileRef = 6A73B68D2F24E9B1003898A5 /* KeyboardPreviewViewManager.swift */; };
		6A73B68F2F24E9B1003898A5 /* KeyboardPreviewViewManager.m in Sources */ = {isa = PBXBuildFile; fileRef = 6A73B68C2F24E9B1003898A5 /* KeyboardPreviewViewManager.m */; };
		6A73B6902F24E9B1003898A5 /* KeyboardPreviewView.swift in Sources */ = {isa = PBXBuildFile; fileRef = 6A73B68B2F24E9B1003898A5 /* KeyboardPreviewView.swift */; };
		6A877C1E2F34DAB900888533 /* Gveret Levin AlefAlefAlef-Regular.ttf in Resources */ = {isa = PBXBuildFile; fileRef = 6A877C1D2F34DAB900888533 /* Gveret Levin AlefAlefAlef-Regular.ttf */; };
		6A877C1F2F34DAB900888533 /* Gveret Levin AlefAlefAlef-Regular.ttf in Resources */ = {isa = PBXBuildFile; fileRef = 6A877C1D2F34DAB900888533 /* Gveret Levin AlefAlefAlef-Regular.ttf */; };
		6AA1FCB32F3CB103002BD212 /* WordPredictionEngine.swift in Sources */ = {isa = PBXBuildFile; fileRef = 6AA1FCB22F3CB103002BD212 /* WordPredictionEngine.swift */; };
		6AA1FCB42F3CB103002BD212 /* WordPredictionEngine.swift in Sources */ = {isa = PBXBuildFile; fileRef = 6AA1FCB22F3CB103002BD212 /* WordPredictionEngine.swift */; };
		6AA1FCB52F3CB103002BD212 /* WordPredictionEngine.swift in Sources */ = {isa = PBXBuildFile; fileRef = 6AA1FCB22F3CB103002BD212 /* WordPredictionEngine.swift */; };
		6AA1FCB62F3CB103002BD212 /* WordPredictionEngine.swift in Sources */ = {isa = PBXBuildFile; fileRef = 6AA1FCB22F3CB103002BD212 /* WordPredictionEngine.swift */; };
		6AA1FCB72F3CB103002BD212 /* WordPredictionEngine.swift in Sources */ = {isa = PBXBuildFile; fileRef = 6AA1FCB22F3CB103002BD212 /* WordPredictionEngine.swift */; };
		6AA1FCF12F3D26FA002BD212 /* KeyboardPreferencesModule.m in Sources */ = {isa = PBXBuildFile; fileRef = 6A1E33712F2216ED00035455 /* KeyboardPreferencesModule.m */; };
		6AA1FCF22F3D26FA002BD212 /* AppDelegate.swift in Sources */ = {isa = PBXBuildFile; fileRef = 761780EC2CA45674006654EE /* AppDelegate.swift */; };
		6AA1FCF32F3D26FA002BD212 /* DebugLog.swift in Sources */ = {isa = PBXBuildFile; fileRef = 6ACC1F902F30AF7000F1FA30 /* DebugLog.swift */; };
		6AA1FCF42F3D26FA002BD212 /* KeyboardPreviewViewManager.swift in Sources */ = {isa = PBXBuildFile; fileRef = 6A73B68D2F24E9B1003898A5 /* KeyboardPreviewViewManager.swift */; };
		6AA1FCF52F3D26FA002BD212 /* KeyboardPreviewViewManager.m in Sources */ = {isa = PBXBuildFile; fileRef = 6A73B68C2F24E9B1003898A5 /* KeyboardPreviewViewManager.m */; };
		6AA1FCF62F3D26FA002BD212 /* KeyboardPreviewView.swift in Sources */ = {isa = PBXBuildFile; fileRef = 6A73B68B2F24E9B1003898A5 /* KeyboardPreviewView.swift */; };
		6AA1FCF72F3D26FA002BD212 /* BaseKeyboardViewController.swift in Sources */ = {isa = PBXBuildFile; fileRef = 6ACC1E932F2D007500F1FA30 /* BaseKeyboardViewController.swift */; };
		6AA1FCF82F3D26FA002BD212 /* TrieEngine.swift in Sources */ = {isa = PBXBuildFile; fileRef = 6ACC1E282F2B564800F1FA30 /* TrieEngine.swift */; };
		6AA1FCF92F3D26FA002BD212 /* KeyboardModels.swift in Sources */ = {isa = PBXBuildFile; fileRef = 6A1E33762F22198A00035455 /* KeyboardModels.swift */; };
		6AA1FCFA2F3D26FA002BD212 /* WordSuggestionController.swift in Sources */ = {isa = PBXBuildFile; fileRef = 6ACC1F962F30AF8900F1FA30 /* WordSuggestionController.swift */; };
		6AA1FCFB2F3D26FA002BD212 /* KeyboardPreferences.swift in Sources */ = {isa = PBXBuildFile; fileRef = 6A1E336D2F220FCA00035455 /* KeyboardPreferences.swift */; };
		6AA1FCFC2F3D26FA002BD212 /* KeyboardPreferencesModule.swift in Sources */ = {isa = PBXBuildFile; fileRef = 6A1E33742F22170B00035455 /* KeyboardPreferencesModule.swift */; };
		6AA1FCFD2F3D26FA002BD212 /* KeyboardRenderer.swift in Sources */ = {isa = PBXBuildFile; fileRef = 6A73B6882F24E985003898A5 /* KeyboardRenderer.swift */; };
		6AA1FCFE2F3D26FA002BD212 /* WordCompletionManager.swift in Sources */ = {isa = PBXBuildFile; fileRef = 6AWORD00042F300100035455 /* WordCompletionManager.swift */; };
		6AA1FCFF2F3D26FA002BD212 /* WordPredictionEngine.swift in Sources */ = {isa = PBXBuildFile; fileRef = 6AA1FCB22F3CB103002BD212 /* WordPredictionEngine.swift */; };
		6AA1FD002F3D26FA002BD212 /* KeyboardNeighbors.swift in Sources */ = {isa = PBXBuildFile; fileRef = 6AKBNG00002F400100035455 /* KeyboardNeighbors.swift */; };
		6AA1FD012F3D26FA002BD212 /* BackspaceHandler.swift in Sources */ = {isa = PBXBuildFile; fileRef = 6ACC1FA02F30B20000F1FA30 /* BackspaceHandler.swift */; };
		6AA1FD022F3D26FA002BD212 /* SuggestionsBarView.swift in Sources */ = {isa = PBXBuildFile; fileRef = 6ACC1FA12F30B20000F1FA30 /* SuggestionsBarView.swift */; };
		6AA1FD032F3D26FA002BD212 /* NikkudPickerController.swift in Sources */ = {isa = PBXBuildFile; fileRef = 6ACC1FA22F30B20000F1FA30 /* NikkudPickerController.swift */; };
		6AA1FD082F3D26FA002BD212 /* Images.xcassets in Resources */ = {isa = PBXBuildFile; fileRef = 13B07FB51A68108700A75B9A /* Images.xcassets */; };
		6AA1FD092F3D26FA002BD212 /* SharedAssets.xcassets in Resources */ = {isa = PBXBuildFile; fileRef = 6ASHARED0001000000035455 /* SharedAssets.xcassets */; };
		6AA1FD0A2F3D26FA002BD212 /* Gveret Levin AlefAlefAlef-Regular.ttf in Resources */ = {isa = PBXBuildFile; fileRef = 6A877C1D2F34DAB900888533 /* Gveret Levin AlefAlefAlef-Regular.ttf */; };
		6AA1FD0B2F3D26FA002BD212 /* PrivacyInfo.xcprivacy in Resources */ = {isa = PBXBuildFile; fileRef = 13B07FB81A68108700A75B9A /* PrivacyInfo.xcprivacy */; };
		6ACC1E292F2B564800F1FA30 /* TrieEngine.swift in Sources */ = {isa = PBXBuildFile; fileRef = 6ACC1E282F2B564800F1FA30 /* TrieEngine.swift */; };
		6ACC1E2A2F2B564800F1FA30 /* TrieEngine.swift in Sources */ = {isa = PBXBuildFile; fileRef = 6ACC1E282F2B564800F1FA30 /* TrieEngine.swift */; };
		6ACC1E5D2F2CDE8300F1FA30 /* IssieBoardEn.appex in Embed Foundation Extensions */ = {isa = PBXBuildFile; fileRef = 6ACC1E562F2CDE8300F1FA30 /* IssieBoardEn.appex */; settings = {ATTRIBUTES = (RemoveHeadersOnCopy, ); }; };
		6ACC1E722F2CDEA800F1FA30 /* IssieBoardHe.appex in Embed Foundation Extensions */ = {isa = PBXBuildFile; fileRef = 6ACC1E6B2F2CDEA800F1FA30 /* IssieBoardHe.appex */; settings = {ATTRIBUTES = (RemoveHeadersOnCopy, ); }; };
		6ACC1E872F2CDEBE00F1FA30 /* IssieBoardAr.appex in Embed Foundation Extensions */ = {isa = PBXBuildFile; fileRef = 6ACC1E802F2CDEBE00F1FA30 /* IssieBoardAr.appex */; settings = {ATTRIBUTES = (RemoveHeadersOnCopy, ); }; };
		6ACC1E942F2D007500F1FA30 /* BaseKeyboardViewController.swift in Sources */ = {isa = PBXBuildFile; fileRef = 6ACC1E932F2D007500F1FA30 /* BaseKeyboardViewController.swift */; };
		6ACC1E952F2D007500F1FA30 /* BaseKeyboardViewController.swift in Sources */ = {isa = PBXBuildFile; fileRef = 6ACC1E932F2D007500F1FA30 /* BaseKeyboardViewController.swift */; };
		6ACC1E962F2D007500F1FA30 /* BaseKeyboardViewController.swift in Sources */ = {isa = PBXBuildFile; fileRef = 6ACC1E932F2D007500F1FA30 /* BaseKeyboardViewController.swift */; };
		6ACC1E972F2D007500F1FA30 /* BaseKeyboardViewController.swift in Sources */ = {isa = PBXBuildFile; fileRef = 6ACC1E932F2D007500F1FA30 /* BaseKeyboardViewController.swift */; };
		6ACC1E982F2D023300F1FA30 /* KeyboardRenderer.swift in Sources */ = {isa = PBXBuildFile; fileRef = 6A73B6882F24E985003898A5 /* KeyboardRenderer.swift */; };
		6ACC1E992F2D023300F1FA30 /* KeyboardRenderer.swift in Sources */ = {isa = PBXBuildFile; fileRef = 6A73B6882F24E985003898A5 /* KeyboardRenderer.swift */; };
		6ACC1E9A2F2D023300F1FA30 /* KeyboardRenderer.swift in Sources */ = {isa = PBXBuildFile; fileRef = 6A73B6882F24E985003898A5 /* KeyboardRenderer.swift */; };
		6ACC1E9B2F2D023A00F1FA30 /* KeyboardModels.swift in Sources */ = {isa = PBXBuildFile; fileRef = 6A1E33762F22198A00035455 /* KeyboardModels.swift */; };
		6ACC1E9C2F2D023A00F1FA30 /* KeyboardModels.swift in Sources */ = {isa = PBXBuildFile; fileRef = 6A1E33762F22198A00035455 /* KeyboardModels.swift */; };
		6ACC1E9D2F2D023A00F1FA30 /* KeyboardModels.swift in Sources */ = {isa = PBXBuildFile; fileRef = 6A1E33762F22198A00035455 /* KeyboardModels.swift */; };
		6ACC1E9E2F2D023F00F1FA30 /* KeyboardPreferences.swift in Sources */ = {isa = PBXBuildFile; fileRef = 6A1E336D2F220FCA00035455 /* KeyboardPreferences.swift */; };
		6ACC1E9F2F2D023F00F1FA30 /* WordCompletionManager.swift in Sources */ = {isa = PBXBuildFile; fileRef = 6AWORD00042F300100035455 /* WordCompletionManager.swift */; };
		6ACC1EA12F2D023F00F1FA30 /* TrieEngine.swift in Sources */ = {isa = PBXBuildFile; fileRef = 6ACC1E282F2B564800F1FA30 /* TrieEngine.swift */; };
		6ACC1EA22F2D024000F1FA30 /* TrieEngine.swift in Sources */ = {isa = PBXBuildFile; fileRef = 6ACC1E282F2B564800F1FA30 /* TrieEngine.swift */; };
		6ACC1EA32F2D024000F1FA30 /* KeyboardPreferences.swift in Sources */ = {isa = PBXBuildFile; fileRef = 6A1E336D2F220FCA00035455 /* KeyboardPreferences.swift */; };
		6ACC1EA42F2D024000F1FA30 /* WordCompletionManager.swift in Sources */ = {isa = PBXBuildFile; fileRef = 6AWORD00042F300100035455 /* WordCompletionManager.swift */; };
		6ACC1EA62F2D024000F1FA30 /* TrieEngine.swift in Sources */ = {isa = PBXBuildFile; fileRef = 6ACC1E282F2B564800F1FA30 /* TrieEngine.swift */; };
		6ACC1EA72F2D024000F1FA30 /* KeyboardPreferences.swift in Sources */ = {isa = PBXBuildFile; fileRef = 6A1E336D2F220FCA00035455 /* KeyboardPreferences.swift */; };
		6ACC1EA92F2D024000F1FA30 /* WordCompletionManager.swift in Sources */ = {isa = PBXBuildFile; fileRef = 6AWORD00042F300100035455 /* WordCompletionManager.swift */; };
		6ACC1F452F2F755E00F1FA30 /* KeyboardNeighbors.swift in Sources */ = {isa = PBXBuildFile; fileRef = 6AKBNG00002F400100035455 /* KeyboardNeighbors.swift */; };
		6ACC1F912F30AF7000F1FA30 /* DebugLog.swift in Sources */ = {isa = PBXBuildFile; fileRef = 6ACC1F902F30AF7000F1FA30 /* DebugLog.swift */; };
		6ACC1F922F30AF7000F1FA30 /* DebugLog.swift in Sources */ = {isa = PBXBuildFile; fileRef = 6ACC1F902F30AF7000F1FA30 /* DebugLog.swift */; };
		6ACC1F932F30AF7000F1FA30 /* DebugLog.swift in Sources */ = {isa = PBXBuildFile; fileRef = 6ACC1F902F30AF7000F1FA30 /* DebugLog.swift */; };
		6ACC1F942F30AF7000F1FA30 /* DebugLog.swift in Sources */ = {isa = PBXBuildFile; fileRef = 6ACC1F902F30AF7000F1FA30 /* DebugLog.swift */; };
		6ACC1F952F30AF7000F1FA30 /* DebugLog.swift in Sources */ = {isa = PBXBuildFile; fileRef = 6ACC1F902F30AF7000F1FA30 /* DebugLog.swift */; };
		6ACC1F982F30AF8900F1FA30 /* WordSuggestionController.swift in Sources */ = {isa = PBXBuildFile; fileRef = 6ACC1F962F30AF8900F1FA30 /* WordSuggestionController.swift */; };
		6ACC1F992F30AF8900F1FA30 /* WordSuggestionController.swift in Sources */ = {isa = PBXBuildFile; fileRef = 6ACC1F962F30AF8900F1FA30 /* WordSuggestionController.swift */; };
		6ACC1F9A2F30AF8900F1FA30 /* WordSuggestionController.swift in Sources */ = {isa = PBXBuildFile; fileRef = 6ACC1F962F30AF8900F1FA30 /* WordSuggestionController.swift */; };
		6ACC1F9B2F30AF8900F1FA30 /* WordSuggestionController.swift in Sources */ = {isa = PBXBuildFile; fileRef = 6ACC1F962F30AF8900F1FA30 /* WordSuggestionController.swift */; };
		6ACC1FA32F30B20000F1FA30 /* BackspaceHandler.swift in Sources */ = {isa = PBXBuildFile; fileRef = 6ACC1FA02F30B20000F1FA30 /* BackspaceHandler.swift */; };
		6ACC1FA42F30B20000F1FA30 /* BackspaceHandler.swift in Sources */ = {isa = PBXBuildFile; fileRef = 6ACC1FA02F30B20000F1FA30 /* BackspaceHandler.swift */; };
		6ACC1FA52F30B20000F1FA30 /* BackspaceHandler.swift in Sources */ = {isa = PBXBuildFile; fileRef = 6ACC1FA02F30B20000F1FA30 /* BackspaceHandler.swift */; };
		6ACC1FA62F30B20000F1FA30 /* BackspaceHandler.swift in Sources */ = {isa = PBXBuildFile; fileRef = 6ACC1FA02F30B20000F1FA30 /* BackspaceHandler.swift */; };
		6ACC1FA72F30B20000F1FA30 /* SuggestionsBarView.swift in Sources */ = {isa = PBXBuildFile; fileRef = 6ACC1FA12F30B20000F1FA30 /* SuggestionsBarView.swift */; };
		6ACC1FA82F30B20000F1FA30 /* SuggestionsBarView.swift in Sources */ = {isa = PBXBuildFile; fileRef = 6ACC1FA12F30B20000F1FA30 /* SuggestionsBarView.swift */; };
		6ACC1FA92F30B20000F1FA30 /* SuggestionsBarView.swift in Sources */ = {isa = PBXBuildFile; fileRef = 6ACC1FA12F30B20000F1FA30 /* SuggestionsBarView.swift */; };
		6ACC1FAA2F30B20000F1FA30 /* SuggestionsBarView.swift in Sources */ = {isa = PBXBuildFile; fileRef = 6ACC1FA12F30B20000F1FA30 /* SuggestionsBarView.swift */; };
		6ACC1FAB2F30B20000F1FA30 /* NikkudPickerController.swift in Sources */ = {isa = PBXBuildFile; fileRef = 6ACC1FA22F30B20000F1FA30 /* NikkudPickerController.swift */; };
		6ACC1FAC2F30B20000F1FA30 /* NikkudPickerController.swift in Sources */ = {isa = PBXBuildFile; fileRef = 6ACC1FA22F30B20000F1FA30 /* NikkudPickerController.swift */; };
		6ACC1FAD2F30B20000F1FA30 /* NikkudPickerController.swift in Sources */ = {isa = PBXBuildFile; fileRef = 6ACC1FA22F30B20000F1FA30 /* NikkudPickerController.swift */; };
		6ACC1FAE2F30B20000F1FA30 /* NikkudPickerController.swift in Sources */ = {isa = PBXBuildFile; fileRef = 6ACC1FA22F30B20000F1FA30 /* NikkudPickerController.swift */; };
		6ACC20622F30C9B000F1FA30 /* WordCompletionManager.swift in Sources */ = {isa = PBXBuildFile; fileRef = 6AWORD00042F300100035455 /* WordCompletionManager.swift */; };
		6ACC20632F30C9B000F1FA30 /* BaseKeyboardViewController.swift in Sources */ = {isa = PBXBuildFile; fileRef = 6ACC1E932F2D007500F1FA30 /* BaseKeyboardViewController.swift */; };
		6ACC20642F30C9B000F1FA30 /* KeyboardPreferences.swift in Sources */ = {isa = PBXBuildFile; fileRef = 6A1E336D2F220FCA00035455 /* KeyboardPreferences.swift */; };
		6ACC20652F30C9B000F1FA30 /* NikkudPickerController.swift in Sources */ = {isa = PBXBuildFile; fileRef = 6ACC1FA22F30B20000F1FA30 /* NikkudPickerController.swift */; };
		6ACC20662F30C9B000F1FA30 /* SuggestionsBarView.swift in Sources */ = {isa = PBXBuildFile; fileRef = 6ACC1FA12F30B20000F1FA30 /* SuggestionsBarView.swift */; };
		6ACC20672F30C9B000F1FA30 /* BackspaceHandler.swift in Sources */ = {isa = PBXBuildFile; fileRef = 6ACC1FA02F30B20000F1FA30 /* BackspaceHandler.swift */; };
		6ACC20682F30C9B000F1FA30 /* KeyboardModels.swift in Sources */ = {isa = PBXBuildFile; fileRef = 6A1E33762F22198A00035455 /* KeyboardModels.swift */; };
		6ACC20692F30C9B000F1FA30 /* WordSuggestionController.swift in Sources */ = {isa = PBXBuildFile; fileRef = 6ACC1F962F30AF8900F1FA30 /* WordSuggestionController.swift */; };
		6ACC206A2F30C9BF00F1FA30 /* KeyboardRenderer.swift in Sources */ = {isa = PBXBuildFile; fileRef = 6A73B6882F24E985003898A5 /* KeyboardRenderer.swift */; };
		6ADAC3652F3DDC6F00C85EBD /* he_50k.bin in Resources */ = {isa = PBXBuildFile; fileRef = 6ADAC3642F3DDC6F00C85EBD /* he_50k.bin */; };
		6ADAC3672F3DDC9400C85EBD /* he_predictions.bin in Resources */ = {isa = PBXBuildFile; fileRef = 6ADAC3662F3DDC9400C85EBD /* he_predictions.bin */; };
		6ADAC3692F3DDD2900C85EBD /* en_predictions.bin in Resources */ = {isa = PBXBuildFile; fileRef = 6ADAC3682F3DDD2900C85EBD /* en_predictions.bin */; };
		6ADAC36B2F3DF77D00C85EBD /* CustomTextDocumentProxy.swift in Sources */ = {isa = PBXBuildFile; fileRef = 6ADAC36A2F3DF77D00C85EBD /* CustomTextDocumentProxy.swift */; };
		6ADAC36C2F3DF77D00C85EBD /* CustomTextDocumentProxy.swift in Sources */ = {isa = PBXBuildFile; fileRef = 6ADAC36A2F3DF77D00C85EBD /* CustomTextDocumentProxy.swift */; };
		6ADAC36D2F3DF77D00C85EBD /* CustomTextDocumentProxy.swift in Sources */ = {isa = PBXBuildFile; fileRef = 6ADAC36A2F3DF77D00C85EBD /* CustomTextDocumentProxy.swift */; };
		6ADAC36F2F3DF78D00C85EBD /* TextDocumentProxyProtocol.swift in Sources */ = {isa = PBXBuildFile; fileRef = 6ADAC36E2F3DF78D00C85EBD /* TextDocumentProxyProtocol.swift */; };
		6ADAC3702F3DF78D00C85EBD /* TextDocumentProxyProtocol.swift in Sources */ = {isa = PBXBuildFile; fileRef = 6ADAC36E2F3DF78D00C85EBD /* TextDocumentProxyProtocol.swift */; };
		6ADAC3712F3DF78D00C85EBD /* TextDocumentProxyProtocol.swift in Sources */ = {isa = PBXBuildFile; fileRef = 6ADAC36E2F3DF78D00C85EBD /* TextDocumentProxyProtocol.swift */; };
		6ADAC3732F3DF7A200C85EBD /* KeyboardEngine.swift in Sources */ = {isa = PBXBuildFile; fileRef = 6ADAC3722F3DF7A200C85EBD /* KeyboardEngine.swift */; };
		6ADAC3742F3DF7A200C85EBD /* KeyboardEngine.swift in Sources */ = {isa = PBXBuildFile; fileRef = 6ADAC3722F3DF7A200C85EBD /* KeyboardEngine.swift */; };
		6ADAC3752F3DF7A200C85EBD /* KeyboardEngine.swift in Sources */ = {isa = PBXBuildFile; fileRef = 6ADAC3722F3DF7A200C85EBD /* KeyboardEngine.swift */; };
		6ADAC3762F3DF7A200C85EBD /* KeyboardEngine.swift in Sources */ = {isa = PBXBuildFile; fileRef = 6ADAC3722F3DF7A200C85EBD /* KeyboardEngine.swift */; };
		6ADAC3772F3DF7A200C85EBD /* KeyboardEngine.swift in Sources */ = {isa = PBXBuildFile; fileRef = 6ADAC3722F3DF7A200C85EBD /* KeyboardEngine.swift */; };
		6ADAC3782F3DF7A200C85EBD /* KeyboardEngine.swift in Sources */ = {isa = PBXBuildFile; fileRef = 6ADAC3722F3DF7A200C85EBD /* KeyboardEngine.swift */; };
		6ADAC3792F3DF80400C85EBD /* CustomTextDocumentProxy.swift in Sources */ = {isa = PBXBuildFile; fileRef = 6ADAC36A2F3DF77D00C85EBD /* CustomTextDocumentProxy.swift */; };
		6ADAC37A2F3DF80400C85EBD /* CustomTextDocumentProxy.swift in Sources */ = {isa = PBXBuildFile; fileRef = 6ADAC36A2F3DF77D00C85EBD /* CustomTextDocumentProxy.swift */; };
		6ADAC37B2F3DF80400C85EBD /* CustomTextDocumentProxy.swift in Sources */ = {isa = PBXBuildFile; fileRef = 6ADAC36A2F3DF77D00C85EBD /* CustomTextDocumentProxy.swift */; };
		6ADAC37C2F3DF82100C85EBD /* TextDocumentProxyProtocol.swift in Sources */ = {isa = PBXBuildFile; fileRef = 6ADAC36E2F3DF78D00C85EBD /* TextDocumentProxyProtocol.swift */; };
		6ADAC37D2F3DF82100C85EBD /* TextDocumentProxyProtocol.swift in Sources */ = {isa = PBXBuildFile; fileRef = 6ADAC36E2F3DF78D00C85EBD /* TextDocumentProxyProtocol.swift */; };
		6ADAC37E2F3DF82100C85EBD /* TextDocumentProxyProtocol.swift in Sources */ = {isa = PBXBuildFile; fileRef = 6ADAC36E2F3DF78D00C85EBD /* TextDocumentProxyProtocol.swift */; };
		6ADAC3802F3E0B8700C85EBD /* SystemTextDocumentProxy.swift in Sources */ = {isa = PBXBuildFile; fileRef = 6ADAC37F2F3E0B8700C85EBD /* SystemTextDocumentProxy.swift */; };
		6ADAC3812F3E0B8700C85EBD /* SystemTextDocumentProxy.swift in Sources */ = {isa = PBXBuildFile; fileRef = 6ADAC37F2F3E0B8700C85EBD /* SystemTextDocumentProxy.swift */; };
		6ADAC3822F3E0B8700C85EBD /* SystemTextDocumentProxy.swift in Sources */ = {isa = PBXBuildFile; fileRef = 6ADAC37F2F3E0B8700C85EBD /* SystemTextDocumentProxy.swift */; };
		6ADAC3832F3E0BE300C85EBD /* SystemTextDocumentProxy.swift in Sources */ = {isa = PBXBuildFile; fileRef = 6ADAC37F2F3E0B8700C85EBD /* SystemTextDocumentProxy.swift */; };
		6ADAC3842F3E0BE300C85EBD /* SystemTextDocumentProxy.swift in Sources */ = {isa = PBXBuildFile; fileRef = 6ADAC37F2F3E0B8700C85EBD /* SystemTextDocumentProxy.swift */; };
		6ADAC3852F3E0BE300C85EBD /* SystemTextDocumentProxy.swift in Sources */ = {isa = PBXBuildFile; fileRef = 6ADAC37F2F3E0B8700C85EBD /* SystemTextDocumentProxy.swift */; };
		6ADAC3882F3E30F900C85EBD /* IssieVoiceSplash.storyboard in Resources */ = {isa = PBXBuildFile; fileRef = 6ADAC3862F3E293000C85EBD /* IssieVoiceSplash.storyboard */; };
		6AFD743E2F3DB18B00EDBDAA /* en_50k.bin in Resources */ = {isa = PBXBuildFile; fileRef = 6AFD743D2F3DB18B00EDBDAA /* en_50k.bin */; };
		6AKBNG00012F400100035455 /* KeyboardNeighbors.swift in Sources */ = {isa = PBXBuildFile; fileRef = 6AKBNG00002F400100035455 /* KeyboardNeighbors.swift */; };
		6AKBNG00022F400100035455 /* KeyboardNeighbors.swift in Sources */ = {isa = PBXBuildFile; fileRef = 6AKBNG00002F400100035455 /* KeyboardNeighbors.swift */; };
		6AKBNG00032F400100035455 /* KeyboardNeighbors.swift in Sources */ = {isa = PBXBuildFile; fileRef = 6AKBNG00002F400100035455 /* KeyboardNeighbors.swift */; };
		6AKBNG00042F400100035455 /* KeyboardNeighbors.swift in Sources */ = {isa = PBXBuildFile; fileRef = 6AKBNG00002F400100035455 /* KeyboardNeighbors.swift */; };
		6ASHARED0002000000035455 /* SharedAssets.xcassets in Resources */ = {isa = PBXBuildFile; fileRef = 6ASHARED0001000000035455 /* SharedAssets.xcassets */; };
		6ASHARED0003000000035455 /* SharedAssets.xcassets in Resources */ = {isa = PBXBuildFile; fileRef = 6ASHARED0001000000035455 /* SharedAssets.xcassets */; };
		6ASHARED0004000000035455 /* SharedAssets.xcassets in Resources */ = {isa = PBXBuildFile; fileRef = 6ASHARED0001000000035455 /* SharedAssets.xcassets */; };
		6ASHARED0005000000035455 /* SharedAssets.xcassets in Resources */ = {isa = PBXBuildFile; fileRef = 6ASHARED0001000000035455 /* SharedAssets.xcassets */; };
		6AWORD00032F300100035455 /* WordCompletionManager.swift in Sources */ = {isa = PBXBuildFile; fileRef = 6AWORD00042F300100035455 /* WordCompletionManager.swift */; };
		761780ED2CA45674006654EE /* AppDelegate.swift in Sources */ = {isa = PBXBuildFile; fileRef = 761780EC2CA45674006654EE /* AppDelegate.swift */; };
		81AB9BB82411601600AC10FF /* LaunchScreen.storyboard in Resources */ = {isa = PBXBuildFile; fileRef = 81AB9BB72411601600AC10FF /* LaunchScreen.storyboard */; };
		A821565B90347BA9F5F5459B /* libPods-IssieVoice.a in Frameworks */ = {isa = PBXBuildFile; fileRef = CD990258182BBE6093CBFFDB /* libPods-IssieVoice.a */; };
		F34FB5359FE4ACEFB3E6E672 /* libPods-IssieBoard.a in Frameworks */ = {isa = PBXBuildFile; fileRef = 2D0BC014BDB6ED8BF30D5149 /* libPods-IssieBoard.a */; };
/* End PBXBuildFile section */

/* Begin PBXContainerItemProxy section */
		6ACC1DFB2F2AB0A900F1FA30 /* PBXContainerItemProxy */ = {
			isa = PBXContainerItemProxy;
			containerPortal = 83CBB9F71A601CBA00E9B192 /* Project object */;
			proxyType = 1;
			remoteGlobalIDString = 13B07F861A680F5B00A75B9A;
			remoteInfo = IssieBoardNG;
		};
		6ACC1E5B2F2CDE8300F1FA30 /* PBXContainerItemProxy */ = {
			isa = PBXContainerItemProxy;
			containerPortal = 83CBB9F71A601CBA00E9B192 /* Project object */;
			proxyType = 1;
			remoteGlobalIDString = 6ACC1E552F2CDE8300F1FA30;
			remoteInfo = IssieBoardEn;
		};
		6ACC1E702F2CDEA800F1FA30 /* PBXContainerItemProxy */ = {
			isa = PBXContainerItemProxy;
			containerPortal = 83CBB9F71A601CBA00E9B192 /* Project object */;
			proxyType = 1;
			remoteGlobalIDString = 6ACC1E6A2F2CDEA800F1FA30;
			remoteInfo = IssieBoardHe;
		};
		6ACC1E852F2CDEBE00F1FA30 /* PBXContainerItemProxy */ = {
			isa = PBXContainerItemProxy;
			containerPortal = 83CBB9F71A601CBA00E9B192 /* Project object */;
			proxyType = 1;
			remoteGlobalIDString = 6ACC1E7F2F2CDEBE00F1FA30;
			remoteInfo = IssieBoardAr;
		};
/* End PBXContainerItemProxy section */

/* Begin PBXCopyFilesBuildPhase section */
		6A1E33662F22091300035455 /* Embed Foundation Extensions */ = {
			isa = PBXCopyFilesBuildPhase;
			buildActionMask = 2147483647;
			dstPath = "";
			dstSubfolderSpec = 13;
			files = (
				6ACC1E722F2CDEA800F1FA30 /* IssieBoardHe.appex in Embed Foundation Extensions */,
				6ACC1E5D2F2CDE8300F1FA30 /* IssieBoardEn.appex in Embed Foundation Extensions */,
				6ACC1E872F2CDEBE00F1FA30 /* IssieBoardAr.appex in Embed Foundation Extensions */,
			);
			name = "Embed Foundation Extensions";
			runOnlyForDeploymentPostprocessing = 0;
		};
/* End PBXCopyFilesBuildPhase section */

/* Begin PBXFileReference section */
		13B07F961A680F5B00A75B9A /* IssieBoardNG.app */ = {isa = PBXFileReference; explicitFileType = wrapper.application; includeInIndex = 0; path = IssieBoardNG.app; sourceTree = BUILT_PRODUCTS_DIR; };
		13B07FB51A68108700A75B9A /* Images.xcassets */ = {isa = PBXFileReference; lastKnownFileType = folder.assetcatalog; name = Images.xcassets; path = IssieBoardNG/Images.xcassets; sourceTree = "<group>"; };
		13B07FB61A68108700A75B9A /* Info.plist */ = {isa = PBXFileReference; fileEncoding = 4; lastKnownFileType = text.plist.xml; name = Info.plist; path = IssieBoardNG/Info.plist; sourceTree = "<group>"; };
		13B07FB81A68108700A75B9A /* PrivacyInfo.xcprivacy */ = {isa = PBXFileReference; fileEncoding = 4; lastKnownFileType = text.plist.xml; name = PrivacyInfo.xcprivacy; path = IssieBoardNG/PrivacyInfo.xcprivacy; sourceTree = "<group>"; };
		2D0BC014BDB6ED8BF30D5149 /* libPods-IssieBoard.a */ = {isa = PBXFileReference; explicitFileType = archive.ar; includeInIndex = 0; path = "libPods-IssieBoard.a"; sourceTree = BUILT_PRODUCTS_DIR; };
		38D74B5B550A31B0F4DA9F00 /* Pods-IssieBoard.debug.xcconfig */ = {isa = PBXFileReference; includeInIndex = 1; lastKnownFileType = text.xcconfig; name = "Pods-IssieBoard.debug.xcconfig"; path = "Target Support Files/Pods-IssieBoard/Pods-IssieBoard.debug.xcconfig"; sourceTree = "<group>"; };
		4DC95CEF6EC880EFAEE5AA4F /* Pods-IssieVoice.debug.xcconfig */ = {isa = PBXFileReference; includeInIndex = 1; lastKnownFileType = text.xcconfig; name = "Pods-IssieVoice.debug.xcconfig"; path = "Target Support Files/Pods-IssieVoice/Pods-IssieVoice.debug.xcconfig"; sourceTree = "<group>"; };
		6A1E336B2F220E8700035455 /* IssieBoardNG.entitlements */ = {isa = PBXFileReference; lastKnownFileType = text.plist.entitlements; name = IssieBoardNG.entitlements; path = IssieBoardNG/IssieBoardNG.entitlements; sourceTree = "<group>"; };
		6A1E336D2F220FCA00035455 /* KeyboardPreferences.swift */ = {isa = PBXFileReference; lastKnownFileType = sourcecode.swift; path = KeyboardPreferences.swift; sourceTree = "<group>"; };
		6A1E33712F2216ED00035455 /* KeyboardPreferencesModule.m */ = {isa = PBXFileReference; lastKnownFileType = sourcecode.c.objc; name = KeyboardPreferencesModule.m; path = IssieBoardNG/KeyboardPreferencesModule.m; sourceTree = "<group>"; };
		6A1E33732F2216F000035455 /* IssieBoardNG-Bridging-Header.h */ = {isa = PBXFileReference; lastKnownFileType = sourcecode.c.h; path = "IssieBoardNG-Bridging-Header.h"; sourceTree = "<group>"; };
		6A1E33742F22170B00035455 /* KeyboardPreferencesModule.swift */ = {isa = PBXFileReference; lastKnownFileType = sourcecode.swift; name = KeyboardPreferencesModule.swift; path = IssieBoardNG/KeyboardPreferencesModule.swift; sourceTree = "<group>"; };
		6A1E33762F22198A00035455 /* KeyboardModels.swift */ = {isa = PBXFileReference; lastKnownFileType = sourcecode.swift; path = KeyboardModels.swift; sourceTree = "<group>"; };
		6A73B6882F24E985003898A5 /* KeyboardRenderer.swift */ = {isa = PBXFileReference; lastKnownFileType = sourcecode.swift; path = KeyboardRenderer.swift; sourceTree = "<group>"; };
		6A73B68B2F24E9B1003898A5 /* KeyboardPreviewView.swift */ = {isa = PBXFileReference; lastKnownFileType = sourcecode.swift; name = KeyboardPreviewView.swift; path = IssieBoardNG/KeyboardPreviewView.swift; sourceTree = "<group>"; };
		6A73B68C2F24E9B1003898A5 /* KeyboardPreviewViewManager.m */ = {isa = PBXFileReference; lastKnownFileType = sourcecode.c.objc; name = KeyboardPreviewViewManager.m; path = IssieBoardNG/KeyboardPreviewViewManager.m; sourceTree = "<group>"; };
		6A73B68D2F24E9B1003898A5 /* KeyboardPreviewViewManager.swift */ = {isa = PBXFileReference; lastKnownFileType = sourcecode.swift; name = KeyboardPreviewViewManager.swift; path = IssieBoardNG/KeyboardPreviewViewManager.swift; sourceTree = "<group>"; };
		6A877C1D2F34DAB900888533 /* Gveret Levin AlefAlefAlef-Regular.ttf */ = {isa = PBXFileReference; lastKnownFileType = file; name = "Gveret Levin AlefAlefAlef-Regular.ttf"; path = "../assets/fonts/Gveret Levin AlefAlefAlef-Regular.ttf"; sourceTree = SOURCE_ROOT; };
		6AA1FCB22F3CB103002BD212 /* WordPredictionEngine.swift */ = {isa = PBXFileReference; lastKnownFileType = sourcecode.swift; path = WordPredictionEngine.swift; sourceTree = "<group>"; };
		6AA1FD162F3D26FA002BD212 /* IssieVoice.app */ = {isa = PBXFileReference; explicitFileType = wrapper.application; includeInIndex = 0; path = IssieVoice.app; sourceTree = BUILT_PRODUCTS_DIR; };
		6ACC1DF72F2AB0A800F1FA30 /* IssieBoardNGTests.xctest */ = {isa = PBXFileReference; explicitFileType = wrapper.cfbundle; includeInIndex = 0; path = IssieBoardNGTests.xctest; sourceTree = BUILT_PRODUCTS_DIR; };
		6ACC1E282F2B564800F1FA30 /* TrieEngine.swift */ = {isa = PBXFileReference; lastKnownFileType = sourcecode.swift; path = TrieEngine.swift; sourceTree = "<group>"; };
		6ACC1E562F2CDE8300F1FA30 /* IssieBoardEn.appex */ = {isa = PBXFileReference; explicitFileType = "wrapper.app-extension"; includeInIndex = 0; path = IssieBoardEn.appex; sourceTree = BUILT_PRODUCTS_DIR; };
		6ACC1E6B2F2CDEA800F1FA30 /* IssieBoardHe.appex */ = {isa = PBXFileReference; explicitFileType = "wrapper.app-extension"; includeInIndex = 0; path = IssieBoardHe.appex; sourceTree = BUILT_PRODUCTS_DIR; };
		6ACC1E802F2CDEBE00F1FA30 /* IssieBoardAr.appex */ = {isa = PBXFileReference; explicitFileType = "wrapper.app-extension"; includeInIndex = 0; path = IssieBoardAr.appex; sourceTree = BUILT_PRODUCTS_DIR; };
		6ACC1E932F2D007500F1FA30 /* BaseKeyboardViewController.swift */ = {isa = PBXFileReference; lastKnownFileType = sourcecode.swift; path = BaseKeyboardViewController.swift; sourceTree = "<group>"; };
		6ACC1F902F30AF7000F1FA30 /* DebugLog.swift */ = {isa = PBXFileReference; lastKnownFileType = sourcecode.swift; path = DebugLog.swift; sourceTree = "<group>"; };
		6ACC1F962F30AF8900F1FA30 /* WordSuggestionController.swift */ = {isa = PBXFileReference; lastKnownFileType = sourcecode.swift; path = WordSuggestionController.swift; sourceTree = "<group>"; };
		6ACC1FA02F30B20000F1FA30 /* BackspaceHandler.swift */ = {isa = PBXFileReference; lastKnownFileType = sourcecode.swift; path = BackspaceHandler.swift; sourceTree = "<group>"; };
		6ACC1FA12F30B20000F1FA30 /* SuggestionsBarView.swift */ = {isa = PBXFileReference; lastKnownFileType = sourcecode.swift; path = SuggestionsBarView.swift; sourceTree = "<group>"; };
		6ACC1FA22F30B20000F1FA30 /* NikkudPickerController.swift */ = {isa = PBXFileReference; lastKnownFileType = sourcecode.swift; path = NikkudPickerController.swift; sourceTree = "<group>"; };
		6ADAC3642F3DDC6F00C85EBD /* he_50k.bin */ = {isa = PBXFileReference; lastKnownFileType = archive.macbinary; path = he_50k.bin; sourceTree = "<group>"; };
		6ADAC3662F3DDC9400C85EBD /* he_predictions.bin */ = {isa = PBXFileReference; lastKnownFileType = archive.macbinary; path = he_predictions.bin; sourceTree = "<group>"; };
		6ADAC3682F3DDD2900C85EBD /* en_predictions.bin */ = {isa = PBXFileReference; lastKnownFileType = archive.macbinary; path = en_predictions.bin; sourceTree = "<group>"; };
		6ADAC36A2F3DF77D00C85EBD /* CustomTextDocumentProxy.swift */ = {isa = PBXFileReference; lastKnownFileType = sourcecode.swift; path = CustomTextDocumentProxy.swift; sourceTree = "<group>"; };
		6ADAC36E2F3DF78D00C85EBD /* TextDocumentProxyProtocol.swift */ = {isa = PBXFileReference; lastKnownFileType = sourcecode.swift; path = TextDocumentProxyProtocol.swift; sourceTree = "<group>"; };
		6ADAC3722F3DF7A200C85EBD /* KeyboardEngine.swift */ = {isa = PBXFileReference; lastKnownFileType = sourcecode.swift; path = KeyboardEngine.swift; sourceTree = "<group>"; };
		6ADAC37F2F3E0B8700C85EBD /* SystemTextDocumentProxy.swift */ = {isa = PBXFileReference; lastKnownFileType = sourcecode.swift; path = SystemTextDocumentProxy.swift; sourceTree = "<group>"; };
		6ADAC3862F3E293000C85EBD /* IssieVoiceSplash.storyboard */ = {isa = PBXFileReference; lastKnownFileType = file.storyboard; path = IssieVoiceSplash.storyboard; sourceTree = "<group>"; };
		6AFD743D2F3DB18B00EDBDAA /* en_50k.bin */ = {isa = PBXFileReference; lastKnownFileType = archive.macbinary; path = en_50k.bin; sourceTree = "<group>"; };
		6AFD74402F3DB21C00EDBDAA /* IssieVoice-Info.plist */ = {isa = PBXFileReference; lastKnownFileType = text.plist.xml; path = "IssieVoice-Info.plist"; sourceTree = "<group>"; };
		6AKBNG00002F400100035455 /* KeyboardNeighbors.swift */ = {isa = PBXFileReference; lastKnownFileType = sourcecode.swift; path = KeyboardNeighbors.swift; sourceTree = "<group>"; };
		6ASHARED0001000000035455 /* SharedAssets.xcassets */ = {isa = PBXFileReference; lastKnownFileType = folder.assetcatalog; path = SharedAssets.xcassets; sourceTree = "<group>"; };
		6AWORD00042F300100035455 /* WordCompletionManager.swift */ = {isa = PBXFileReference; lastKnownFileType = sourcecode.swift; path = WordCompletionManager.swift; sourceTree = "<group>"; };
		761780EC2CA45674006654EE /* AppDelegate.swift */ = {isa = PBXFileReference; lastKnownFileType = sourcecode.swift; name = AppDelegate.swift; path = IssieBoardNG/AppDelegate.swift; sourceTree = "<group>"; };
		81AB9BB72411601600AC10FF /* LaunchScreen.storyboard */ = {isa = PBXFileReference; fileEncoding = 4; lastKnownFileType = file.storyboard; name = LaunchScreen.storyboard; path = IssieBoardNG/LaunchScreen.storyboard; sourceTree = "<group>"; };
		8E0B30B84C1C3017D0B426A5 /* Pods-IssieVoice.release.xcconfig */ = {isa = PBXFileReference; includeInIndex = 1; lastKnownFileType = text.xcconfig; name = "Pods-IssieVoice.release.xcconfig"; path = "Target Support Files/Pods-IssieVoice/Pods-IssieVoice.release.xcconfig"; sourceTree = "<group>"; };
		BA31A84859E1A6DBDFBC1935 /* Pods-IssieBoard.release.xcconfig */ = {isa = PBXFileReference; includeInIndex = 1; lastKnownFileType = text.xcconfig; name = "Pods-IssieBoard.release.xcconfig"; path = "Target Support Files/Pods-IssieBoard/Pods-IssieBoard.release.xcconfig"; sourceTree = "<group>"; };
		CD990258182BBE6093CBFFDB /* libPods-IssieVoice.a */ = {isa = PBXFileReference; explicitFileType = archive.ar; includeInIndex = 0; path = "libPods-IssieVoice.a"; sourceTree = BUILT_PRODUCTS_DIR; };
		ED297162215061F000B7C4FE /* JavaScriptCore.framework */ = {isa = PBXFileReference; lastKnownFileType = wrapper.framework; name = JavaScriptCore.framework; path = System/Library/Frameworks/JavaScriptCore.framework; sourceTree = SDKROOT; };
/* End PBXFileReference section */

/* Begin PBXFileSystemSynchronizedBuildFileExceptionSet section */
		6ACC1E5E2F2CDE8300F1FA30 /* Exceptions for "IssieBoardEn" folder in "IssieBoardEn" target */ = {
			isa = PBXFileSystemSynchronizedBuildFileExceptionSet;
			membershipExceptions = (
				Info.plist,
			);
			target = 6ACC1E552F2CDE8300F1FA30 /* IssieBoardEn */;
		};
		6ACC1E732F2CDEA800F1FA30 /* Exceptions for "IssieBoardHe" folder in "IssieBoardHe" target */ = {
			isa = PBXFileSystemSynchronizedBuildFileExceptionSet;
			membershipExceptions = (
				Info.plist,
			);
			target = 6ACC1E6A2F2CDEA800F1FA30 /* IssieBoardHe */;
		};
		6ACC1E882F2CDEBE00F1FA30 /* Exceptions for "IssieBoardAr" folder in "IssieBoardAr" target */ = {
			isa = PBXFileSystemSynchronizedBuildFileExceptionSet;
			membershipExceptions = (
				Info.plist,
			);
			target = 6ACC1E7F2F2CDEBE00F1FA30 /* IssieBoardAr */;
		};
/* End PBXFileSystemSynchronizedBuildFileExceptionSet section */

/* Begin PBXFileSystemSynchronizedRootGroup section */
		6ACC1DF82F2AB0A900F1FA30 /* IssieBoardNGTests */ = {
			isa = PBXFileSystemSynchronizedRootGroup;
			exceptions = (
			);
			path = IssieBoardNGTests;
			sourceTree = "<group>";
		};
		6ACC1E572F2CDE8300F1FA30 /* IssieBoardEn */ = {
			isa = PBXFileSystemSynchronizedRootGroup;
			exceptions = (
				6ACC1E5E2F2CDE8300F1FA30 /* Exceptions for "IssieBoardEn" folder in "IssieBoardEn" target */,
			);
			path = IssieBoardEn;
			sourceTree = "<group>";
		};
		6ACC1E6C2F2CDEA800F1FA30 /* IssieBoardHe */ = {
			isa = PBXFileSystemSynchronizedRootGroup;
			exceptions = (
				6ACC1E732F2CDEA800F1FA30 /* Exceptions for "IssieBoardHe" folder in "IssieBoardHe" target */,
			);
			path = IssieBoardHe;
			sourceTree = "<group>";
		};
		6ACC1E812F2CDEBE00F1FA30 /* IssieBoardAr */ = {
			isa = PBXFileSystemSynchronizedRootGroup;
			exceptions = (
				6ACC1E882F2CDEBE00F1FA30 /* Exceptions for "IssieBoardAr" folder in "IssieBoardAr" target */,
			);
			path = IssieBoardAr;
			sourceTree = "<group>";
		};
/* End PBXFileSystemSynchronizedRootGroup section */

/* Begin PBXFrameworksBuildPhase section */
		13B07F8C1A680F5B00A75B9A /* Frameworks */ = {
			isa = PBXFrameworksBuildPhase;
			buildActionMask = 2147483647;
			files = (
				F34FB5359FE4ACEFB3E6E672 /* libPods-IssieBoard.a in Frameworks */,
			);
			runOnlyForDeploymentPostprocessing = 0;
		};
		6AA1FD042F3D26FA002BD212 /* Frameworks */ = {
			isa = PBXFrameworksBuildPhase;
			buildActionMask = 2147483647;
			files = (
				A821565B90347BA9F5F5459B /* libPods-IssieVoice.a in Frameworks */,
			);
			runOnlyForDeploymentPostprocessing = 0;
		};
		6ACC1DF42F2AB0A800F1FA30 /* Frameworks */ = {
			isa = PBXFrameworksBuildPhase;
			buildActionMask = 2147483647;
			files = (
			);
			runOnlyForDeploymentPostprocessing = 0;
		};
		6ACC1E532F2CDE8300F1FA30 /* Frameworks */ = {
			isa = PBXFrameworksBuildPhase;
			buildActionMask = 2147483647;
			files = (
			);
			runOnlyForDeploymentPostprocessing = 0;
		};
		6ACC1E682F2CDEA800F1FA30 /* Frameworks */ = {
			isa = PBXFrameworksBuildPhase;
			buildActionMask = 2147483647;
			files = (
			);
			runOnlyForDeploymentPostprocessing = 0;
		};
		6ACC1E7D2F2CDEBE00F1FA30 /* Frameworks */ = {
			isa = PBXFrameworksBuildPhase;
			buildActionMask = 2147483647;
			files = (
			);
			runOnlyForDeploymentPostprocessing = 0;
		};
/* End PBXFrameworksBuildPhase section */

/* Begin PBXGroup section */
		13B07FAE1A68108700A75B9A /* IssieBoardNG */ = {
			isa = PBXGroup;
			children = (
				6A1E336B2F220E8700035455 /* IssieBoardNG.entitlements */,
				13B07FB51A68108700A75B9A /* Images.xcassets */,
				761780EC2CA45674006654EE /* AppDelegate.swift */,
				13B07FB61A68108700A75B9A /* Info.plist */,
				81AB9BB72411601600AC10FF /* LaunchScreen.storyboard */,
				6ADAC3862F3E293000C85EBD /* IssieVoiceSplash.storyboard */,
				13B07FB81A68108700A75B9A /* PrivacyInfo.xcprivacy */,
				6A1E33712F2216ED00035455 /* KeyboardPreferencesModule.m */,
				6A73B68B2F24E9B1003898A5 /* KeyboardPreviewView.swift */,
				6A73B68C2F24E9B1003898A5 /* KeyboardPreviewViewManager.m */,
				6A73B68D2F24E9B1003898A5 /* KeyboardPreviewViewManager.swift */,
				6A1E33742F22170B00035455 /* KeyboardPreferencesModule.swift */,
				6ADAC3662F3DDC9400C85EBD /* he_predictions.bin */,
				6ADAC3682F3DDD2900C85EBD /* en_predictions.bin */,
				6ADAC3642F3DDC6F00C85EBD /* he_50k.bin */,
				6AFD743D2F3DB18B00EDBDAA /* en_50k.bin */,
				6A1E33732F2216F000035455 /* IssieBoardNG-Bridging-Header.h */,
			);
			name = IssieBoardNG;
			sourceTree = "<group>";
		};
		2D16E6871FA4F8E400B85C8A /* Frameworks */ = {
			isa = PBXGroup;
			children = (
				ED297162215061F000B7C4FE /* JavaScriptCore.framework */,
				2D0BC014BDB6ED8BF30D5149 /* libPods-IssieBoard.a */,
				CD990258182BBE6093CBFFDB /* libPods-IssieVoice.a */,
			);
			name = Frameworks;
			sourceTree = "<group>";
		};
		6A1E336E2F220FCA00035455 /* Shared */ = {
			isa = PBXGroup;
			children = (
				6ASHARED0001000000035455 /* SharedAssets.xcassets */,
				6A73B6882F24E985003898A5 /* KeyboardRenderer.swift */,
				6ACC1F902F30AF7000F1FA30 /* DebugLog.swift */,
				6A1E33762F22198A00035455 /* KeyboardModels.swift */,
				6ADAC3722F3DF7A200C85EBD /* KeyboardEngine.swift */,
				6ADAC36A2F3DF77D00C85EBD /* CustomTextDocumentProxy.swift */,
				6ADAC36E2F3DF78D00C85EBD /* TextDocumentProxyProtocol.swift */,
				6ACC1F962F30AF8900F1FA30 /* WordSuggestionController.swift */,
				6ACC1E932F2D007500F1FA30 /* BaseKeyboardViewController.swift */,
				6ACC1E282F2B564800F1FA30 /* TrieEngine.swift */,
				6ADAC37F2F3E0B8700C85EBD /* SystemTextDocumentProxy.swift */,
				6A1E336D2F220FCA00035455 /* KeyboardPreferences.swift */,
				6AA1FCB22F3CB103002BD212 /* WordPredictionEngine.swift */,
				6AWORD00042F300100035455 /* WordCompletionManager.swift */,
				6AKBNG00002F400100035455 /* KeyboardNeighbors.swift */,
				6ACC1FA02F30B20000F1FA30 /* BackspaceHandler.swift */,
				6ACC1FA12F30B20000F1FA30 /* SuggestionsBarView.swift */,
				6ACC1FA22F30B20000F1FA30 /* NikkudPickerController.swift */,
			);
			path = Shared;
			sourceTree = "<group>";
		};
		6A877C1C2F34DA3F00888533 /* Resources */ = {
			isa = PBXGroup;
			children = (
				6A877C1D2F34DAB900888533 /* Gveret Levin AlefAlefAlef-Regular.ttf */,
			);
			path = Resources;
			sourceTree = "<group>";
		};
		6AFD74922F3DB46D00EDBDAA /* IssieVoice */ = {
			isa = PBXGroup;
			children = (
				6AFD74402F3DB21C00EDBDAA /* IssieVoice-Info.plist */,
			);
			path = IssieVoice;
			sourceTree = "<group>";
		};
		832341AE1AAA6A7D00B99B32 /* Libraries */ = {
			isa = PBXGroup;
			children = (
			);
			name = Libraries;
			sourceTree = "<group>";
		};
		83CBB9F61A601CBA00E9B192 = {
			isa = PBXGroup;
			children = (
				6AFD74922F3DB46D00EDBDAA /* IssieVoice */,
				6A877C1C2F34DA3F00888533 /* Resources */,
				13B07FAE1A68108700A75B9A /* IssieBoardNG */,
				832341AE1AAA6A7D00B99B32 /* Libraries */,
				6A1E336E2F220FCA00035455 /* Shared */,
				6ACC1DF82F2AB0A900F1FA30 /* IssieBoardNGTests */,
				6ACC1E572F2CDE8300F1FA30 /* IssieBoardEn */,
				6ACC1E6C2F2CDEA800F1FA30 /* IssieBoardHe */,
				6ACC1E812F2CDEBE00F1FA30 /* IssieBoardAr */,
				83CBBA001A601CBA00E9B192 /* Products */,
				2D16E6871FA4F8E400B85C8A /* Frameworks */,
				BBD78D7AC51CEA395F1C20DB /* Pods */,
			);
			indentWidth = 2;
			sourceTree = "<group>";
			tabWidth = 2;
			usesTabs = 0;
		};
		83CBBA001A601CBA00E9B192 /* Products */ = {
			isa = PBXGroup;
			children = (
				13B07F961A680F5B00A75B9A /* IssieBoardNG.app */,
				6ACC1DF72F2AB0A800F1FA30 /* IssieBoardNGTests.xctest */,
				6ACC1E562F2CDE8300F1FA30 /* IssieBoardEn.appex */,
				6ACC1E6B2F2CDEA800F1FA30 /* IssieBoardHe.appex */,
				6ACC1E802F2CDEBE00F1FA30 /* IssieBoardAr.appex */,
				6AA1FD162F3D26FA002BD212 /* IssieVoice.app */,
			);
			name = Products;
			sourceTree = "<group>";
		};
		BBD78D7AC51CEA395F1C20DB /* Pods */ = {
			isa = PBXGroup;
			children = (
				38D74B5B550A31B0F4DA9F00 /* Pods-IssieBoard.debug.xcconfig */,
				BA31A84859E1A6DBDFBC1935 /* Pods-IssieBoard.release.xcconfig */,
				4DC95CEF6EC880EFAEE5AA4F /* Pods-IssieVoice.debug.xcconfig */,
				8E0B30B84C1C3017D0B426A5 /* Pods-IssieVoice.release.xcconfig */,
			);
			path = Pods;
			sourceTree = "<group>";
		};
/* End PBXGroup section */

/* Begin PBXNativeTarget section */
		13B07F861A680F5B00A75B9A /* IssieBoard */ = {
			isa = PBXNativeTarget;
			buildConfigurationList = 13B07F931A680F5B00A75B9A /* Build configuration list for PBXNativeTarget "IssieBoard" */;
			buildPhases = (
				C38B50BA6285516D6DCD4F65 /* [CP] Check Pods Manifest.lock */,
				6ACC1E512F2CDD8700F1FA30 /* Run Script - generate default keyboards */,
				13B07F871A680F5B00A75B9A /* Sources */,
				13B07F8C1A680F5B00A75B9A /* Frameworks */,
				13B07F8E1A680F5B00A75B9A /* Resources */,
				00DD1BFF1BD5951E006B06BC /* Bundle React Native code and images */,
				00EEFC60759A1932668264C0 /* [CP] Embed Pods Frameworks */,
				E235C05ADACE081382539298 /* [CP] Copy Pods Resources */,
				6A1E33662F22091300035455 /* Embed Foundation Extensions */,
			);
			buildRules = (
			);
			dependencies = (
				6ACC1E5C2F2CDE8300F1FA30 /* PBXTargetDependency */,
				6ACC1E712F2CDEA800F1FA30 /* PBXTargetDependency */,
				6ACC1E862F2CDEBE00F1FA30 /* PBXTargetDependency */,
			);
			name = IssieBoard;
			productName = IssieBoardNG;
			productReference = 13B07F961A680F5B00A75B9A /* IssieBoardNG.app */;
			productType = "com.apple.product-type.application";
		};
		6AA1FCE72F3D26FA002BD212 /* IssieVoice */ = {
			isa = PBXNativeTarget;
			buildConfigurationList = 6AA1FD132F3D26FA002BD212 /* Build configuration list for PBXNativeTarget "IssieVoice" */;
			buildPhases = (
				100FB8D370B721DA62DEFD7D /* [CP] Check Pods Manifest.lock */,
				6AA1FCEF2F3D26FA002BD212 /* Run Script - generate default keyboards */,
				6AA1FCF02F3D26FA002BD212 /* Sources */,
				6AA1FD042F3D26FA002BD212 /* Frameworks */,
				6AA1FD062F3D26FA002BD212 /* Resources */,
				6ADAC3892F3E328300C85EBD /* Bundle react-native code and images */,
				CBE376FB9F6DA08E41B521BD /* [CP] Embed Pods Frameworks */,
				90EF52C0FC0014FA18A8A1D6 /* [CP] Copy Pods Resources */,
			);
			buildRules = (
			);
			dependencies = (
			);
			name = IssieVoice;
			productName = IssieBoardNG;
			productReference = 6AA1FD162F3D26FA002BD212 /* IssieVoice.app */;
			productType = "com.apple.product-type.application";
		};
		6ACC1DF62F2AB0A800F1FA30 /* IssieBoardNGTests */ = {
			isa = PBXNativeTarget;
			buildConfigurationList = 6ACC1DFF2F2AB0A900F1FA30 /* Build configuration list for PBXNativeTarget "IssieBoardNGTests" */;
			buildPhases = (
				6ACC1DF32F2AB0A800F1FA30 /* Sources */,
				6ACC1DF42F2AB0A800F1FA30 /* Frameworks */,
				6ACC1DF52F2AB0A800F1FA30 /* Resources */,
			);
			buildRules = (
			);
			dependencies = (
				6ACC1DFC2F2AB0A900F1FA30 /* PBXTargetDependency */,
			);
			fileSystemSynchronizedGroups = (
				6ACC1DF82F2AB0A900F1FA30 /* IssieBoardNGTests */,
			);
			name = IssieBoardNGTests;
			productName = IssieBoardNGTests;
			productReference = 6ACC1DF72F2AB0A800F1FA30 /* IssieBoardNGTests.xctest */;
			productType = "com.apple.product-type.bundle.unit-test";
		};
		6ACC1E552F2CDE8300F1FA30 /* IssieBoardEn */ = {
			isa = PBXNativeTarget;
			buildConfigurationList = 6ACC1E5F2F2CDE8300F1FA30 /* Build configuration list for PBXNativeTarget "IssieBoardEn" */;
			buildPhases = (
				6ACC1E522F2CDE8300F1FA30 /* Sources */,
				6ACC1E532F2CDE8300F1FA30 /* Frameworks */,
				6ACC1E542F2CDE8300F1FA30 /* Resources */,
			);
			buildRules = (
			);
			dependencies = (
			);
			fileSystemSynchronizedGroups = (
				6ACC1E572F2CDE8300F1FA30 /* IssieBoardEn */,
			);
			name = IssieBoardEn;
			productName = IssieBoardEn;
			productReference = 6ACC1E562F2CDE8300F1FA30 /* IssieBoardEn.appex */;
			productType = "com.apple.product-type.app-extension";
		};
		6ACC1E6A2F2CDEA800F1FA30 /* IssieBoardHe */ = {
			isa = PBXNativeTarget;
			buildConfigurationList = 6ACC1E742F2CDEA800F1FA30 /* Build configuration list for PBXNativeTarget "IssieBoardHe" */;
			buildPhases = (
				6ACC1E672F2CDEA800F1FA30 /* Sources */,
				6ACC1E682F2CDEA800F1FA30 /* Frameworks */,
				6ACC1E692F2CDEA800F1FA30 /* Resources */,
			);
			buildRules = (
			);
			dependencies = (
			);
			fileSystemSynchronizedGroups = (
				6ACC1E6C2F2CDEA800F1FA30 /* IssieBoardHe */,
			);
			name = IssieBoardHe;
			productName = IssieBoardHe;
			productReference = 6ACC1E6B2F2CDEA800F1FA30 /* IssieBoardHe.appex */;
			productType = "com.apple.product-type.app-extension";
		};
		6ACC1E7F2F2CDEBE00F1FA30 /* IssieBoardAr */ = {
			isa = PBXNativeTarget;
			buildConfigurationList = 6ACC1E892F2CDEBE00F1FA30 /* Build configuration list for PBXNativeTarget "IssieBoardAr" */;
			buildPhases = (
				6ACC1E7C2F2CDEBE00F1FA30 /* Sources */,
				6ACC1E7D2F2CDEBE00F1FA30 /* Frameworks */,
				6ACC1E7E2F2CDEBE00F1FA30 /* Resources */,
			);
			buildRules = (
			);
			dependencies = (
			);
			fileSystemSynchronizedGroups = (
				6ACC1E812F2CDEBE00F1FA30 /* IssieBoardAr */,
			);
			name = IssieBoardAr;
			productName = IssieBoardAr;
			productReference = 6ACC1E802F2CDEBE00F1FA30 /* IssieBoardAr.appex */;
			productType = "com.apple.product-type.app-extension";
		};
/* End PBXNativeTarget section */

/* Begin PBXProject section */
		83CBB9F71A601CBA00E9B192 /* Project object */ = {
			isa = PBXProject;
			attributes = {
				LastSwiftUpdateCheck = 2620;
				LastUpgradeCheck = 1210;
				TargetAttributes = {
					13B07F861A680F5B00A75B9A = {
						LastSwiftMigration = 2620;
					};
					6ACC1DF62F2AB0A800F1FA30 = {
						CreatedOnToolsVersion = 26.2;
						TestTargetID = 13B07F861A680F5B00A75B9A;
					};
					6ACC1E552F2CDE8300F1FA30 = {
						CreatedOnToolsVersion = 26.2;
					};
					6ACC1E6A2F2CDEA800F1FA30 = {
						CreatedOnToolsVersion = 26.2;
					};
					6ACC1E7F2F2CDEBE00F1FA30 = {
						CreatedOnToolsVersion = 26.2;
					};
				};
			};
			buildConfigurationList = 83CBB9FA1A601CBA00E9B192 /* Build configuration list for PBXProject "IssieBoardNG" */;
			developmentRegion = en;
			hasScannedForEncodings = 0;
			knownRegions = (
				en,
				Base,
			);
			mainGroup = 83CBB9F61A601CBA00E9B192;
			preferredProjectObjectVersion = 77;
			productRefGroup = 83CBBA001A601CBA00E9B192 /* Products */;
			projectDirPath = "";
			projectRoot = "";
			targets = (
				13B07F861A680F5B00A75B9A /* IssieBoard */,
				6ACC1DF62F2AB0A800F1FA30 /* IssieBoardNGTests */,
				6ACC1E552F2CDE8300F1FA30 /* IssieBoardEn */,
				6ACC1E6A2F2CDEA800F1FA30 /* IssieBoardHe */,
				6ACC1E7F2F2CDEBE00F1FA30 /* IssieBoardAr */,
				6AA1FCE72F3D26FA002BD212 /* IssieVoice */,
			);
		};
/* End PBXProject section */

/* Begin PBXResourcesBuildPhase section */
		13B07F8E1A680F5B00A75B9A /* Resources */ = {
			isa = PBXResourcesBuildPhase;
			buildActionMask = 2147483647;
			files = (
				81AB9BB82411601600AC10FF /* LaunchScreen.storyboard in Resources */,
				13B07FBF1A68108700A75B9A /* Images.xcassets in Resources */,
				6ASHARED0005000000035455 /* SharedAssets.xcassets in Resources */,
				6A877C1E2F34DAB900888533 /* Gveret Levin AlefAlefAlef-Regular.ttf in Resources */,
				5326AF4A4DECB80A70586DB4 /* PrivacyInfo.xcprivacy in Resources */,
			);
			runOnlyForDeploymentPostprocessing = 0;
		};
		6AA1FD062F3D26FA002BD212 /* Resources */ = {
			isa = PBXResourcesBuildPhase;
			buildActionMask = 2147483647;
			files = (
				6ADAC3652F3DDC6F00C85EBD /* he_50k.bin in Resources */,
				6ADAC3672F3DDC9400C85EBD /* he_predictions.bin in Resources */,
				6AFD743E2F3DB18B00EDBDAA /* en_50k.bin in Resources */,
				6AA1FD082F3D26FA002BD212 /* Images.xcassets in Resources */,
				6ADAC3882F3E30F900C85EBD /* IssieVoiceSplash.storyboard in Resources */,
				6AA1FD092F3D26FA002BD212 /* SharedAssets.xcassets in Resources */,
				6ADAC3692F3DDD2900C85EBD /* en_predictions.bin in Resources */,
				6AA1FD0A2F3D26FA002BD212 /* Gveret Levin AlefAlefAlef-Regular.ttf in Resources */,
				6AA1FD0B2F3D26FA002BD212 /* PrivacyInfo.xcprivacy in Resources */,
			);
			runOnlyForDeploymentPostprocessing = 0;
		};
		6ACC1DF52F2AB0A800F1FA30 /* Resources */ = {
			isa = PBXResourcesBuildPhase;
			buildActionMask = 2147483647;
			files = (
			);
			runOnlyForDeploymentPostprocessing = 0;
		};
		6ACC1E542F2CDE8300F1FA30 /* Resources */ = {
			isa = PBXResourcesBuildPhase;
			buildActionMask = 2147483647;
			files = (
				6ASHARED0002000000035455 /* SharedAssets.xcassets in Resources */,
			);
			runOnlyForDeploymentPostprocessing = 0;
		};
		6ACC1E692F2CDEA800F1FA30 /* Resources */ = {
			isa = PBXResourcesBuildPhase;
			buildActionMask = 2147483647;
			files = (
				6A877C1F2F34DAB900888533 /* Gveret Levin AlefAlefAlef-Regular.ttf in Resources */,
				6ASHARED0003000000035455 /* SharedAssets.xcassets in Resources */,
			);
			runOnlyForDeploymentPostprocessing = 0;
		};
		6ACC1E7E2F2CDEBE00F1FA30 /* Resources */ = {
			isa = PBXResourcesBuildPhase;
			buildActionMask = 2147483647;
			files = (
				6ASHARED0004000000035455 /* SharedAssets.xcassets in Resources */,
			);
			runOnlyForDeploymentPostprocessing = 0;
		};
/* End PBXResourcesBuildPhase section */

/* Begin PBXShellScriptBuildPhase section */
		00DD1BFF1BD5951E006B06BC /* Bundle React Native code and images */ = {
			isa = PBXShellScriptBuildPhase;
			buildActionMask = 2147483647;
			files = (
			);
			inputPaths = (
				"$(SRCROOT)/.xcode.env.local",
				"$(SRCROOT)/.xcode.env",
			);
			name = "Bundle React Native code and images";
			outputPaths = (
			);
			runOnlyForDeploymentPostprocessing = 0;
			shellPath = /bin/sh;
			shellScript = "set -e\n\nWITH_ENVIRONMENT=\"$REACT_NATIVE_PATH/scripts/xcode/with-environment.sh\"\nREACT_NATIVE_XCODE=\"$REACT_NATIVE_PATH/scripts/react-native-xcode.sh\"\n\n/bin/sh -c \"\\\"$WITH_ENVIRONMENT\\\" \\\"$REACT_NATIVE_XCODE\\\"\"\n";
		};
		00EEFC60759A1932668264C0 /* [CP] Embed Pods Frameworks */ = {
			isa = PBXShellScriptBuildPhase;
			buildActionMask = 2147483647;
			files = (
			);
			inputFileListPaths = (
				"${PODS_ROOT}/Target Support Files/Pods-IssieBoard/Pods-IssieBoard-frameworks-${CONFIGURATION}-input-files.xcfilelist",
			);
			name = "[CP] Embed Pods Frameworks";
			outputFileListPaths = (
				"${PODS_ROOT}/Target Support Files/Pods-IssieBoard/Pods-IssieBoard-frameworks-${CONFIGURATION}-output-files.xcfilelist",
			);
			runOnlyForDeploymentPostprocessing = 0;
			shellPath = /bin/sh;
			shellScript = "\"${PODS_ROOT}/Target Support Files/Pods-IssieBoard/Pods-IssieBoard-frameworks.sh\"\n";
			showEnvVarsInLog = 0;
		};
		100FB8D370B721DA62DEFD7D /* [CP] Check Pods Manifest.lock */ = {
			isa = PBXShellScriptBuildPhase;
			buildActionMask = 2147483647;
			files = (
			);
			inputFileListPaths = (
			);
			inputPaths = (
				"${PODS_PODFILE_DIR_PATH}/Podfile.lock",
				"${PODS_ROOT}/Manifest.lock",
			);
			name = "[CP] Check Pods Manifest.lock";
			outputFileListPaths = (
			);
			outputPaths = (
				"$(DERIVED_FILE_DIR)/Pods-IssieVoice-checkManifestLockResult.txt",
			);
			runOnlyForDeploymentPostprocessing = 0;
			shellPath = /bin/sh;
			shellScript = "diff \"${PODS_PODFILE_DIR_PATH}/Podfile.lock\" \"${PODS_ROOT}/Manifest.lock\" > /dev/null\nif [ $? != 0 ] ; then\n    # print error to STDERR\n    echo \"error: The sandbox is not in sync with the Podfile.lock. Run 'pod install' or update your CocoaPods installation.\" >&2\n    exit 1\nfi\n# This output is used by Xcode 'outputs' to avoid re-running this script phase.\necho \"SUCCESS\" > \"${SCRIPT_OUTPUT_FILE_0}\"\n";
			showEnvVarsInLog = 0;
		};
		6AA1FCEF2F3D26FA002BD212 /* Run Script - generate default keyboards */ = {
			isa = PBXShellScriptBuildPhase;
			alwaysOutOfDate = 1;
			buildActionMask = 2147483647;
			files = (
			);
			inputFileListPaths = (
			);
			inputPaths = (
			);
			name = "Run Script - generate default keyboards";
			outputFileListPaths = (
			);
			outputPaths = (
			);
			runOnlyForDeploymentPostprocessing = 0;
			shellPath = /bin/sh;
			shellScript = "\"$SRCROOT/build_keyboard_configs.sh\"\n";
		};
		6ACC1E512F2CDD8700F1FA30 /* Run Script - generate default keyboards */ = {
			isa = PBXShellScriptBuildPhase;
			alwaysOutOfDate = 1;
			buildActionMask = 2147483647;
			files = (
			);
			inputFileListPaths = (
			);
			inputPaths = (
			);
			name = "Run Script - generate default keyboards";
			outputFileListPaths = (
			);
			outputPaths = (
			);
			runOnlyForDeploymentPostprocessing = 0;
			shellPath = /bin/sh;
			shellScript = "\"$SRCROOT/build_keyboard_configs.sh\"\n";
		};
		6ADAC3892F3E328300C85EBD /* Bundle react-native code and images */ = {
			isa = PBXShellScriptBuildPhase;
			buildActionMask = 2147483647;
			files = (
			);
			inputFileListPaths = (
			);
			inputPaths = (
			);
			name = "Bundle react-native code and images";
			outputFileListPaths = (
			);
			outputPaths = (
			);
			runOnlyForDeploymentPostprocessing = 0;
			shellPath = /bin/sh;
			shellScript = "set -e\n\nWITH_ENVIRONMENT=\"$REACT_NATIVE_PATH/scripts/xcode/with-environment.sh\"\nREACT_NATIVE_XCODE=\"$REACT_NATIVE_PATH/scripts/react-native-xcode.sh\"\n\n/bin/sh -c \"\\\"$WITH_ENVIRONMENT\\\" \\\"$REACT_NATIVE_XCODE\\\"\"\n\n";
		};
		90EF52C0FC0014FA18A8A1D6 /* [CP] Copy Pods Resources */ = {
			isa = PBXShellScriptBuildPhase;
			buildActionMask = 2147483647;
			files = (
			);
			inputFileListPaths = (
				"${PODS_ROOT}/Target Support Files/Pods-IssieVoice/Pods-IssieVoice-resources-${CONFIGURATION}-input-files.xcfilelist",
			);
			name = "[CP] Copy Pods Resources";
			outputFileListPaths = (
				"${PODS_ROOT}/Target Support Files/Pods-IssieVoice/Pods-IssieVoice-resources-${CONFIGURATION}-output-files.xcfilelist",
			);
			runOnlyForDeploymentPostprocessing = 0;
			shellPath = /bin/sh;
			shellScript = "\"${PODS_ROOT}/Target Support Files/Pods-IssieVoice/Pods-IssieVoice-resources.sh\"\n";
			showEnvVarsInLog = 0;
		};
		C38B50BA6285516D6DCD4F65 /* [CP] Check Pods Manifest.lock */ = {
			isa = PBXShellScriptBuildPhase;
			buildActionMask = 2147483647;
			files = (
			);
			inputFileListPaths = (
			);
			inputPaths = (
				"${PODS_PODFILE_DIR_PATH}/Podfile.lock",
				"${PODS_ROOT}/Manifest.lock",
			);
			name = "[CP] Check Pods Manifest.lock";
			outputFileListPaths = (
			);
			outputPaths = (
				"$(DERIVED_FILE_DIR)/Pods-IssieBoard-checkManifestLockResult.txt",
			);
			runOnlyForDeploymentPostprocessing = 0;
			shellPath = /bin/sh;
			shellScript = "diff \"${PODS_PODFILE_DIR_PATH}/Podfile.lock\" \"${PODS_ROOT}/Manifest.lock\" > /dev/null\nif [ $? != 0 ] ; then\n    # print error to STDERR\n    echo \"error: The sandbox is not in sync with the Podfile.lock. Run 'pod install' or update your CocoaPods installation.\" >&2\n    exit 1\nfi\n# This output is used by Xcode 'outputs' to avoid re-running this script phase.\necho \"SUCCESS\" > \"${SCRIPT_OUTPUT_FILE_0}\"\n";
			showEnvVarsInLog = 0;
		};
		CBE376FB9F6DA08E41B521BD /* [CP] Embed Pods Frameworks */ = {
			isa = PBXShellScriptBuildPhase;
			buildActionMask = 2147483647;
			files = (
			);
			inputFileListPaths = (
				"${PODS_ROOT}/Target Support Files/Pods-IssieVoice/Pods-IssieVoice-frameworks-${CONFIGURATION}-input-files.xcfilelist",
			);
			name = "[CP] Embed Pods Frameworks";
			outputFileListPaths = (
				"${PODS_ROOT}/Target Support Files/Pods-IssieVoice/Pods-IssieVoice-frameworks-${CONFIGURATION}-output-files.xcfilelist",
			);
			runOnlyForDeploymentPostprocessing = 0;
			shellPath = /bin/sh;
			shellScript = "\"${PODS_ROOT}/Target Support Files/Pods-IssieVoice/Pods-IssieVoice-frameworks.sh\"\n";
			showEnvVarsInLog = 0;
		};
		E235C05ADACE081382539298 /* [CP] Copy Pods Resources */ = {
			isa = PBXShellScriptBuildPhase;
			buildActionMask = 2147483647;
			files = (
			);
			inputFileListPaths = (
				"${PODS_ROOT}/Target Support Files/Pods-IssieBoard/Pods-IssieBoard-resources-${CONFIGURATION}-input-files.xcfilelist",
			);
			name = "[CP] Copy Pods Resources";
			outputFileListPaths = (
				"${PODS_ROOT}/Target Support Files/Pods-IssieBoard/Pods-IssieBoard-resources-${CONFIGURATION}-output-files.xcfilelist",
			);
			runOnlyForDeploymentPostprocessing = 0;
			shellPath = /bin/sh;
			shellScript = "\"${PODS_ROOT}/Target Support Files/Pods-IssieBoard/Pods-IssieBoard-resources.sh\"\n";
			showEnvVarsInLog = 0;
		};
/* End PBXShellScriptBuildPhase section */

/* Begin PBXSourcesBuildPhase section */
		13B07F871A680F5B00A75B9A /* Sources */ = {
			isa = PBXSourcesBuildPhase;
			buildActionMask = 2147483647;
			files = (
				6A1E33722F2216ED00035455 /* KeyboardPreferencesModule.m in Sources */,
				761780ED2CA45674006654EE /* AppDelegate.swift in Sources */,
				6ACC1F912F30AF7000F1FA30 /* DebugLog.swift in Sources */,
				6A73B68E2F24E9B1003898A5 /* KeyboardPreviewViewManager.swift in Sources */,
				6A73B68F2F24E9B1003898A5 /* KeyboardPreviewViewManager.m in Sources */,
				6A73B6902F24E9B1003898A5 /* KeyboardPreviewView.swift in Sources */,
				6ACC1E962F2D007500F1FA30 /* BaseKeyboardViewController.swift in Sources */,
				6ACC1E2A2F2B564800F1FA30 /* TrieEngine.swift in Sources */,
				6A1E33772F22198A00035455 /* KeyboardModels.swift in Sources */,
				6ACC1F9B2F30AF8900F1FA30 /* WordSuggestionController.swift in Sources */,
				6ADAC3832F3E0BE300C85EBD /* SystemTextDocumentProxy.swift in Sources */,
				6A1E33702F220FCA00035455 /* KeyboardPreferences.swift in Sources */,
				6A1E33752F22170C00035455 /* KeyboardPreferencesModule.swift in Sources */,
				6ADAC3782F3DF7A200C85EBD /* KeyboardEngine.swift in Sources */,
				6A73B6892F24E985003898A5 /* KeyboardRenderer.swift in Sources */,
				6ADAC36C2F3DF77D00C85EBD /* CustomTextDocumentProxy.swift in Sources */,
				6AWORD00032F300100035455 /* WordCompletionManager.swift in Sources */,
				6AA1FCB62F3CB103002BD212 /* WordPredictionEngine.swift in Sources */,
				6AKBNG00042F400100035455 /* KeyboardNeighbors.swift in Sources */,
				6ACC1FA32F30B20000F1FA30 /* BackspaceHandler.swift in Sources */,
				6ADAC36F2F3DF78D00C85EBD /* TextDocumentProxyProtocol.swift in Sources */,
				6ACC1FA72F30B20000F1FA30 /* SuggestionsBarView.swift in Sources */,
				6ACC1FAB2F30B20000F1FA30 /* NikkudPickerController.swift in Sources */,
			);
			runOnlyForDeploymentPostprocessing = 0;
		};
		6AA1FCF02F3D26FA002BD212 /* Sources */ = {
			isa = PBXSourcesBuildPhase;
			buildActionMask = 2147483647;
			files = (
				6AA1FCF12F3D26FA002BD212 /* KeyboardPreferencesModule.m in Sources */,
				6AA1FCF22F3D26FA002BD212 /* AppDelegate.swift in Sources */,
				6AA1FCF32F3D26FA002BD212 /* DebugLog.swift in Sources */,
				6AA1FCF42F3D26FA002BD212 /* KeyboardPreviewViewManager.swift in Sources */,
				6AA1FCF52F3D26FA002BD212 /* KeyboardPreviewViewManager.m in Sources */,
				6AA1FCF62F3D26FA002BD212 /* KeyboardPreviewView.swift in Sources */,
				6AA1FCF72F3D26FA002BD212 /* BaseKeyboardViewController.swift in Sources */,
				6AA1FCF82F3D26FA002BD212 /* TrieEngine.swift in Sources */,
				6AA1FCF92F3D26FA002BD212 /* KeyboardModels.swift in Sources */,
				6AA1FCFA2F3D26FA002BD212 /* WordSuggestionController.swift in Sources */,
				6ADAC3852F3E0BE300C85EBD /* SystemTextDocumentProxy.swift in Sources */,
				6AA1FCFB2F3D26FA002BD212 /* KeyboardPreferences.swift in Sources */,
				6AA1FCFC2F3D26FA002BD212 /* KeyboardPreferencesModule.swift in Sources */,
				6ADAC3752F3DF7A200C85EBD /* KeyboardEngine.swift in Sources */,
				6AA1FCFD2F3D26FA002BD212 /* KeyboardRenderer.swift in Sources */,
				6ADAC36B2F3DF77D00C85EBD /* CustomTextDocumentProxy.swift in Sources */,
				6AA1FCFE2F3D26FA002BD212 /* WordCompletionManager.swift in Sources */,
				6AA1FCFF2F3D26FA002BD212 /* WordPredictionEngine.swift in Sources */,
				6AA1FD002F3D26FA002BD212 /* KeyboardNeighbors.swift in Sources */,
				6AA1FD012F3D26FA002BD212 /* BackspaceHandler.swift in Sources */,
				6ADAC3702F3DF78D00C85EBD /* TextDocumentProxyProtocol.swift in Sources */,
				6AA1FD022F3D26FA002BD212 /* SuggestionsBarView.swift in Sources */,
				6AA1FD032F3D26FA002BD212 /* NikkudPickerController.swift in Sources */,
			);
			runOnlyForDeploymentPostprocessing = 0;
		};
		6ACC1DF32F2AB0A800F1FA30 /* Sources */ = {
			isa = PBXSourcesBuildPhase;
			buildActionMask = 2147483647;
			files = (
				6ACC1F452F2F755E00F1FA30 /* KeyboardNeighbors.swift in Sources */,
				6ACC1F932F30AF7000F1FA30 /* DebugLog.swift in Sources */,
				6ACC1E292F2B564800F1FA30 /* TrieEngine.swift in Sources */,
				6ADAC3842F3E0BE300C85EBD /* SystemTextDocumentProxy.swift in Sources */,
				6ACC20622F30C9B000F1FA30 /* WordCompletionManager.swift in Sources */,
				6ACC20632F30C9B000F1FA30 /* BaseKeyboardViewController.swift in Sources */,
				6ACC20642F30C9B000F1FA30 /* KeyboardPreferences.swift in Sources */,
				6ACC20652F30C9B000F1FA30 /* NikkudPickerController.swift in Sources */,
				6ADAC36D2F3DF77D00C85EBD /* CustomTextDocumentProxy.swift in Sources */,
				6ACC20662F30C9B000F1FA30 /* SuggestionsBarView.swift in Sources */,
				6AA1FCB52F3CB103002BD212 /* WordPredictionEngine.swift in Sources */,
				6ADAC3712F3DF78D00C85EBD /* TextDocumentProxyProtocol.swift in Sources */,
				6ADAC3762F3DF7A200C85EBD /* KeyboardEngine.swift in Sources */,
				6ACC20672F30C9B000F1FA30 /* BackspaceHandler.swift in Sources */,
				6ACC20682F30C9B000F1FA30 /* KeyboardModels.swift in Sources */,
				6ACC20692F30C9B000F1FA30 /* WordSuggestionController.swift in Sources */,
				6ACC206A2F30C9BF00F1FA30 /* KeyboardRenderer.swift in Sources */,
			);
			runOnlyForDeploymentPostprocessing = 0;
		};
		6ACC1E522F2CDE8300F1FA30 /* Sources */ = {
			isa = PBXSourcesBuildPhase;
			buildActionMask = 2147483647;
			files = (
				6ACC1E9E2F2D023F00F1FA30 /* KeyboardPreferences.swift in Sources */,
				6ACC1E9F2F2D023F00F1FA30 /* WordCompletionManager.swift in Sources */,
				6AA1FCB42F3CB103002BD212 /* WordPredictionEngine.swift in Sources */,
				6ACC1F922F30AF7000F1FA30 /* DebugLog.swift in Sources */,
				6ADAC37C2F3DF82100C85EBD /* TextDocumentProxyProtocol.swift in Sources */,
				6ADAC3822F3E0B8700C85EBD /* SystemTextDocumentProxy.swift in Sources */,
				6ACC1EA12F2D023F00F1FA30 /* TrieEngine.swift in Sources */,
				6ACC1E9B2F2D023A00F1FA30 /* KeyboardModels.swift in Sources */,
				6ACC1E972F2D007500F1FA30 /* BaseKeyboardViewController.swift in Sources */,
				6ACC1E982F2D023300F1FA30 /* KeyboardRenderer.swift in Sources */,
				6AKBNG00012F400100035455 /* KeyboardNeighbors.swift in Sources */,
				6ADAC3792F3DF80400C85EBD /* CustomTextDocumentProxy.swift in Sources */,
				6ACC1F9A2F30AF8900F1FA30 /* WordSuggestionController.swift in Sources */,
				6ACC1FA42F30B20000F1FA30 /* BackspaceHandler.swift in Sources */,
				6ACC1FA82F30B20000F1FA30 /* SuggestionsBarView.swift in Sources */,
				6ACC1FAC2F30B20000F1FA30 /* NikkudPickerController.swift in Sources */,
				6ADAC3772F3DF7A200C85EBD /* KeyboardEngine.swift in Sources */,
			);
			runOnlyForDeploymentPostprocessing = 0;
		};
		6ACC1E672F2CDEA800F1FA30 /* Sources */ = {
			isa = PBXSourcesBuildPhase;
			buildActionMask = 2147483647;
			files = (
				6ACC1E9C2F2D023A00F1FA30 /* KeyboardModels.swift in Sources */,
				6ACC1E942F2D007500F1FA30 /* BaseKeyboardViewController.swift in Sources */,
				6AA1FCB72F3CB103002BD212 /* WordPredictionEngine.swift in Sources */,
				6ACC1F952F30AF7000F1FA30 /* DebugLog.swift in Sources */,
				6ADAC37D2F3DF82100C85EBD /* TextDocumentProxyProtocol.swift in Sources */,
				6ADAC3812F3E0B8700C85EBD /* SystemTextDocumentProxy.swift in Sources */,
				6ACC1E992F2D023300F1FA30 /* KeyboardRenderer.swift in Sources */,
				6ACC1EA22F2D024000F1FA30 /* TrieEngine.swift in Sources */,
				6ACC1EA32F2D024000F1FA30 /* KeyboardPreferences.swift in Sources */,
				6ACC1EA42F2D024000F1FA30 /* WordCompletionManager.swift in Sources */,
				6AKBNG00022F400100035455 /* KeyboardNeighbors.swift in Sources */,
				6ADAC37A2F3DF80400C85EBD /* CustomTextDocumentProxy.swift in Sources */,
				6ACC1F992F30AF8900F1FA30 /* WordSuggestionController.swift in Sources */,
				6ACC1FA52F30B20000F1FA30 /* BackspaceHandler.swift in Sources */,
				6ACC1FA92F30B20000F1FA30 /* SuggestionsBarView.swift in Sources */,
				6ACC1FAD2F30B20000F1FA30 /* NikkudPickerController.swift in Sources */,
				6ADAC3732F3DF7A200C85EBD /* KeyboardEngine.swift in Sources */,
			);
			runOnlyForDeploymentPostprocessing = 0;
		};
		6ACC1E7C2F2CDEBE00F1FA30 /* Sources */ = {
			isa = PBXSourcesBuildPhase;
			buildActionMask = 2147483647;
			files = (
				6ACC1E9D2F2D023A00F1FA30 /* KeyboardModels.swift in Sources */,
				6ACC1E952F2D007500F1FA30 /* BaseKeyboardViewController.swift in Sources */,
				6AA1FCB32F3CB103002BD212 /* WordPredictionEngine.swift in Sources */,
				6ACC1F942F30AF7000F1FA30 /* DebugLog.swift in Sources */,
				6ADAC37E2F3DF82100C85EBD /* TextDocumentProxyProtocol.swift in Sources */,
				6ADAC3802F3E0B8700C85EBD /* SystemTextDocumentProxy.swift in Sources */,
				6ACC1E9A2F2D023300F1FA30 /* KeyboardRenderer.swift in Sources */,
				6ACC1EA62F2D024000F1FA30 /* TrieEngine.swift in Sources */,
				6ACC1EA72F2D024000F1FA30 /* KeyboardPreferences.swift in Sources */,
				6ACC1EA92F2D024000F1FA30 /* WordCompletionManager.swift in Sources */,
				6AKBNG00032F400100035455 /* KeyboardNeighbors.swift in Sources */,
				6ADAC37B2F3DF80400C85EBD /* CustomTextDocumentProxy.swift in Sources */,
				6ACC1F982F30AF8900F1FA30 /* WordSuggestionController.swift in Sources */,
				6ACC1FA62F30B20000F1FA30 /* BackspaceHandler.swift in Sources */,
				6ACC1FAA2F30B20000F1FA30 /* SuggestionsBarView.swift in Sources */,
				6ACC1FAE2F30B20000F1FA30 /* NikkudPickerController.swift in Sources */,
				6ADAC3742F3DF7A200C85EBD /* KeyboardEngine.swift in Sources */,
			);
			runOnlyForDeploymentPostprocessing = 0;
		};
/* End PBXSourcesBuildPhase section */

/* Begin PBXTargetDependency section */
		6ACC1DFC2F2AB0A900F1FA30 /* PBXTargetDependency */ = {
			isa = PBXTargetDependency;
			target = 13B07F861A680F5B00A75B9A /* IssieBoard */;
			targetProxy = 6ACC1DFB2F2AB0A900F1FA30 /* PBXContainerItemProxy */;
		};
		6ACC1E5C2F2CDE8300F1FA30 /* PBXTargetDependency */ = {
			isa = PBXTargetDependency;
			target = 6ACC1E552F2CDE8300F1FA30 /* IssieBoardEn */;
			targetProxy = 6ACC1E5B2F2CDE8300F1FA30 /* PBXContainerItemProxy */;
		};
		6ACC1E712F2CDEA800F1FA30 /* PBXTargetDependency */ = {
			isa = PBXTargetDependency;
			target = 6ACC1E6A2F2CDEA800F1FA30 /* IssieBoardHe */;
			targetProxy = 6ACC1E702F2CDEA800F1FA30 /* PBXContainerItemProxy */;
		};
		6ACC1E862F2CDEBE00F1FA30 /* PBXTargetDependency */ = {
			isa = PBXTargetDependency;
			target = 6ACC1E7F2F2CDEBE00F1FA30 /* IssieBoardAr */;
			targetProxy = 6ACC1E852F2CDEBE00F1FA30 /* PBXContainerItemProxy */;
		};
/* End PBXTargetDependency section */

/* Begin XCBuildConfiguration section */
		13B07F941A680F5B00A75B9A /* Debug */ = {
			isa = XCBuildConfiguration;
			baseConfigurationReference = 38D74B5B550A31B0F4DA9F00 /* Pods-IssieBoard.debug.xcconfig */;
			buildSettings = {
				ASSETCATALOG_COMPILER_APPICON_NAME = AppIcon;
				CLANG_ENABLE_MODULES = YES;
				CODE_SIGN_ENTITLEMENTS = IssieBoardNG/IssieBoardNG.entitlements;
				CURRENT_PROJECT_VERSION = 1;
				DEVELOPMENT_TEAM = SKNJT9TD9G;
				ENABLE_BITCODE = NO;
				INFOPLIST_FILE = IssieBoardNG/Info.plist;
				INFOPLIST_KEY_CFBundleDisplayName = IssieBoard;
				INFOPLIST_KEY_LSApplicationCategoryType = "public.app-category.education";
				IPHONEOS_DEPLOYMENT_TARGET = 15.1;
				LD_RUNPATH_SEARCH_PATHS = (
					"$(inherited)",
					"@executable_path/Frameworks",
				);
				MARKETING_VERSION = 2.0;
				OTHER_LDFLAGS = (
					"$(inherited)",
					"-ObjC",
					"-lc++",
				);
				PRODUCT_BUNDLE_IDENTIFIER = com.issieshapiro.Issieboard;
				PRODUCT_NAME = IssieBoardNG;
				SUPPORTED_PLATFORMS = "iphoneos iphonesimulator";
				SUPPORTS_MACCATALYST = NO;
				SWIFT_OBJC_BRIDGING_HEADER = "IssieBoardNG-Bridging-Header.h";
				SWIFT_OPTIMIZATION_LEVEL = "-Onone";
				SWIFT_VERSION = 5.0;
				TARGETED_DEVICE_FAMILY = "1,2";
				VERSIONING_SYSTEM = "apple-generic";
			};
			name = Debug;
		};
		13B07F951A680F5B00A75B9A /* Release */ = {
			isa = XCBuildConfiguration;
			baseConfigurationReference = BA31A84859E1A6DBDFBC1935 /* Pods-IssieBoard.release.xcconfig */;
			buildSettings = {
				ASSETCATALOG_COMPILER_APPICON_NAME = AppIcon;
				CLANG_ENABLE_MODULES = YES;
				CODE_SIGN_ENTITLEMENTS = IssieBoardNG/IssieBoardNG.entitlements;
				CURRENT_PROJECT_VERSION = 1;
				DEVELOPMENT_TEAM = SKNJT9TD9G;
				INFOPLIST_FILE = IssieBoardNG/Info.plist;
				INFOPLIST_KEY_CFBundleDisplayName = IssieBoard;
				INFOPLIST_KEY_LSApplicationCategoryType = "public.app-category.education";
				IPHONEOS_DEPLOYMENT_TARGET = 15.1;
				LD_RUNPATH_SEARCH_PATHS = (
					"$(inherited)",
					"@executable_path/Frameworks",
				);
				MARKETING_VERSION = 2.0;
				OTHER_LDFLAGS = (
					"$(inherited)",
					"-ObjC",
					"-lc++",
				);
				PRODUCT_BUNDLE_IDENTIFIER = com.issieshapiro.Issieboard;
				PRODUCT_NAME = IssieBoardNG;
				SUPPORTED_PLATFORMS = "iphoneos iphonesimulator";
				SUPPORTS_MACCATALYST = NO;
				SWIFT_OBJC_BRIDGING_HEADER = "IssieBoardNG-Bridging-Header.h";
				SWIFT_VERSION = 5.0;
				TARGETED_DEVICE_FAMILY = "1,2";
				VERSIONING_SYSTEM = "apple-generic";
			};
			name = Release;
		};
		6AA1FD142F3D26FA002BD212 /* Debug */ = {
			isa = XCBuildConfiguration;
			baseConfigurationReference = 4DC95CEF6EC880EFAEE5AA4F /* Pods-IssieVoice.debug.xcconfig */;
			buildSettings = {
				ASSETCATALOG_COMPILER_APPICON_NAME = IssieVoiceAppIcon;
				ASSETCATALOG_COMPILER_INCLUDE_ALL_APPICON_ASSETS = NO;
				CLANG_ENABLE_MODULES = YES;
				CODE_SIGN_ENTITLEMENTS = IssieBoardNG/IssieBoardNG.entitlements;
				CURRENT_PROJECT_VERSION = 2;
				DEVELOPMENT_TEAM = SKNJT9TD9G;
				ENABLE_BITCODE = NO;
				INFOPLIST_FILE = "IssieVoice/IssieVoice-Info.plist";
				INFOPLIST_KEY_CFBundleDisplayName = IssieVoice;
				INFOPLIST_KEY_LSApplicationCategoryType = "public.app-category.education";
				IPHONEOS_DEPLOYMENT_TARGET = 15.1;
				LD_RUNPATH_SEARCH_PATHS = (
					"$(inherited)",
					"@executable_path/Frameworks",
				);
				MARKETING_VERSION = 1.0;
				OTHER_LDFLAGS = (
					"$(inherited)",
					"-ObjC",
					"-lc++",
				);
				PRODUCT_BUNDLE_IDENTIFIER = org.issieshapiro.IssieVoice;
				PRODUCT_NAME = "$(TARGET_NAME)";
				SUPPORTED_PLATFORMS = "iphoneos iphonesimulator";
				SUPPORTS_MACCATALYST = NO;
				SWIFT_OBJC_BRIDGING_HEADER = "IssieBoardNG-Bridging-Header.h";
				SWIFT_OPTIMIZATION_LEVEL = "-Onone";
				SWIFT_VERSION = 5.0;
				TARGETED_DEVICE_FAMILY = "1,2";
				VERSIONING_SYSTEM = "apple-generic";
			};
			name = Debug;
		};
		6AA1FD152F3D26FA002BD212 /* Release */ = {
			isa = XCBuildConfiguration;
			baseConfigurationReference = 8E0B30B84C1C3017D0B426A5 /* Pods-IssieVoice.release.xcconfig */;
			buildSettings = {
				ASSETCATALOG_COMPILER_APPICON_NAME = IssieVoiceAppIcon;
				ASSETCATALOG_COMPILER_INCLUDE_ALL_APPICON_ASSETS = NO;
				CLANG_ENABLE_MODULES = YES;
				CODE_SIGN_ENTITLEMENTS = IssieBoardNG/IssieBoardNG.entitlements;
				CURRENT_PROJECT_VERSION = 2;
				DEVELOPMENT_TEAM = SKNJT9TD9G;
				INFOPLIST_FILE = "IssieVoice/IssieVoice-Info.plist";
				INFOPLIST_KEY_CFBundleDisplayName = IssieVoice;
				INFOPLIST_KEY_LSApplicationCategoryType = "public.app-category.education";
				IPHONEOS_DEPLOYMENT_TARGET = 15.1;
				LD_RUNPATH_SEARCH_PATHS = (
					"$(inherited)",
					"@executable_path/Frameworks",
				);
				MARKETING_VERSION = 1.0;
				OTHER_LDFLAGS = (
					"$(inherited)",
					"-ObjC",
					"-lc++",
				);
				PRODUCT_BUNDLE_IDENTIFIER = org.issieshapiro.IssieVoice;
				PRODUCT_NAME = "$(TARGET_NAME)";
				SUPPORTED_PLATFORMS = "iphoneos iphonesimulator";
				SUPPORTS_MACCATALYST = NO;
				SWIFT_OBJC_BRIDGING_HEADER = "IssieBoardNG-Bridging-Header.h";
				SWIFT_VERSION = 5.0;
				TARGETED_DEVICE_FAMILY = "1,2";
				VERSIONING_SYSTEM = "apple-generic";
			};
			name = Release;
		};
		6ACC1DFD2F2AB0A900F1FA30 /* Debug */ = {
			isa = XCBuildConfiguration;
			buildSettings = {
				ASSETCATALOG_COMPILER_GENERATE_SWIFT_ASSET_SYMBOL_EXTENSIONS = YES;
				BUNDLE_LOADER = "$(TEST_HOST)";
				CLANG_ANALYZER_NONNULL = YES;
				CLANG_ANALYZER_NUMBER_OBJECT_CONVERSION = YES_AGGRESSIVE;
				CLANG_CXX_LANGUAGE_STANDARD = "gnu++20";
				CLANG_ENABLE_OBJC_WEAK = YES;
				CLANG_WARN_DOCUMENTATION_COMMENTS = YES;
				CLANG_WARN_UNGUARDED_AVAILABILITY = YES_AGGRESSIVE;
				CODE_SIGN_STYLE = Automatic;
				CURRENT_PROJECT_VERSION = 1;
				DEBUG_INFORMATION_FORMAT = dwarf;
				DEVELOPMENT_TEAM = SKNJT9TD9G;
				ENABLE_USER_SCRIPT_SANDBOXING = YES;
				GCC_C_LANGUAGE_STANDARD = gnu17;
				GENERATE_INFOPLIST_FILE = YES;
				IPHONEOS_DEPLOYMENT_TARGET = 26.2;
				LOCALIZATION_PREFERS_STRING_CATALOGS = YES;
				MARKETING_VERSION = 1.0;
				MTL_ENABLE_DEBUG_INFO = INCLUDE_SOURCE;
				MTL_FAST_MATH = YES;
				PRODUCT_BUNDLE_IDENTIFIER = issieshapito.IssieBoardNGTests;
				PRODUCT_NAME = "$(TARGET_NAME)";
				STRING_CATALOG_GENERATE_SYMBOLS = NO;
				SWIFT_ACTIVE_COMPILATION_CONDITIONS = "DEBUG $(inherited)";
				SWIFT_APPROACHABLE_CONCURRENCY = YES;
				SWIFT_EMIT_LOC_STRINGS = NO;
				SWIFT_OPTIMIZATION_LEVEL = "-Onone";
				SWIFT_UPCOMING_FEATURE_MEMBER_IMPORT_VISIBILITY = YES;
				SWIFT_VERSION = 5.0;
				TARGETED_DEVICE_FAMILY = "1,2";
				TEST_HOST = "$(BUILT_PRODUCTS_DIR)/IssieBoardNG.app/$(BUNDLE_EXECUTABLE_FOLDER_PATH)/IssieBoardNG";
			};
			name = Debug;
		};
		6ACC1DFE2F2AB0A900F1FA30 /* Release */ = {
			isa = XCBuildConfiguration;
			buildSettings = {
				ASSETCATALOG_COMPILER_GENERATE_SWIFT_ASSET_SYMBOL_EXTENSIONS = YES;
				BUNDLE_LOADER = "$(TEST_HOST)";
				CLANG_ANALYZER_NONNULL = YES;
				CLANG_ANALYZER_NUMBER_OBJECT_CONVERSION = YES_AGGRESSIVE;
				CLANG_CXX_LANGUAGE_STANDARD = "gnu++20";
				CLANG_ENABLE_OBJC_WEAK = YES;
				CLANG_WARN_DOCUMENTATION_COMMENTS = YES;
				CLANG_WARN_UNGUARDED_AVAILABILITY = YES_AGGRESSIVE;
				CODE_SIGN_STYLE = Automatic;
				COPY_PHASE_STRIP = NO;
				CURRENT_PROJECT_VERSION = 1;
				DEBUG_INFORMATION_FORMAT = "dwarf-with-dsym";
				DEVELOPMENT_TEAM = SKNJT9TD9G;
				ENABLE_USER_SCRIPT_SANDBOXING = YES;
				GCC_C_LANGUAGE_STANDARD = gnu17;
				GENERATE_INFOPLIST_FILE = YES;
				IPHONEOS_DEPLOYMENT_TARGET = 26.2;
				LOCALIZATION_PREFERS_STRING_CATALOGS = YES;
				MARKETING_VERSION = 1.0;
				MTL_FAST_MATH = YES;
				PRODUCT_BUNDLE_IDENTIFIER = issieshapito.IssieBoardNGTests;
				PRODUCT_NAME = "$(TARGET_NAME)";
				STRING_CATALOG_GENERATE_SYMBOLS = NO;
				SWIFT_APPROACHABLE_CONCURRENCY = YES;
				SWIFT_COMPILATION_MODE = wholemodule;
				SWIFT_EMIT_LOC_STRINGS = NO;
				SWIFT_UPCOMING_FEATURE_MEMBER_IMPORT_VISIBILITY = YES;
				SWIFT_VERSION = 5.0;
				TARGETED_DEVICE_FAMILY = "1,2";
				TEST_HOST = "$(BUILT_PRODUCTS_DIR)/IssieBoardNG.app/$(BUNDLE_EXECUTABLE_FOLDER_PATH)/IssieBoardNG";
			};
			name = Release;
		};
		6ACC1E602F2CDE8300F1FA30 /* Debug */ = {
			isa = XCBuildConfiguration;
			buildSettings = {
				ASSETCATALOG_COMPILER_GENERATE_SWIFT_ASSET_SYMBOL_EXTENSIONS = YES;
				CLANG_ANALYZER_NONNULL = YES;
				CLANG_ANALYZER_NUMBER_OBJECT_CONVERSION = YES_AGGRESSIVE;
				CLANG_CXX_LANGUAGE_STANDARD = "gnu++20";
				CLANG_ENABLE_OBJC_WEAK = YES;
				CLANG_WARN_DOCUMENTATION_COMMENTS = YES;
				CLANG_WARN_UNGUARDED_AVAILABILITY = YES_AGGRESSIVE;
				CODE_SIGN_ENTITLEMENTS = IssieBoardEn/IssieBoardEn.entitlements;
				CODE_SIGN_STYLE = Automatic;
				CURRENT_PROJECT_VERSION = 1;
				DEBUG_INFORMATION_FORMAT = dwarf;
				DEVELOPMENT_TEAM = SKNJT9TD9G;
				ENABLE_USER_SCRIPT_SANDBOXING = YES;
				GCC_C_LANGUAGE_STANDARD = gnu17;
				GENERATE_INFOPLIST_FILE = YES;
				INFOPLIST_FILE = IssieBoardEn/Info.plist;
				INFOPLIST_KEY_CFBundleDisplayName = "IssieBoard - English";
				INFOPLIST_KEY_NSHumanReadableCopyright = "";
				IPHONEOS_DEPLOYMENT_TARGET = 26.2;
				LD_RUNPATH_SEARCH_PATHS = (
					"$(inherited)",
					"@executable_path/Frameworks",
					"@executable_path/../../Frameworks",
				);
				LOCALIZATION_PREFERS_STRING_CATALOGS = YES;
				MARKETING_VERSION = 1.0;
				MTL_ENABLE_DEBUG_INFO = INCLUDE_SOURCE;
				MTL_FAST_MATH = YES;
				PRODUCT_BUNDLE_IDENTIFIER = com.issieshapiro.Issieboard.IssieBoardEn;
				PRODUCT_NAME = "$(TARGET_NAME)";
				SKIP_INSTALL = YES;
				STRING_CATALOG_GENERATE_SYMBOLS = YES;
				SWIFT_ACTIVE_COMPILATION_CONDITIONS = "DEBUG $(inherited)";
				SWIFT_APPROACHABLE_CONCURRENCY = YES;
				SWIFT_EMIT_LOC_STRINGS = YES;
				SWIFT_OPTIMIZATION_LEVEL = "-Onone";
				SWIFT_UPCOMING_FEATURE_MEMBER_IMPORT_VISIBILITY = YES;
				SWIFT_VERSION = 5.0;
				TARGETED_DEVICE_FAMILY = "1,2";
			};
			name = Debug;
		};
		6ACC1E612F2CDE8300F1FA30 /* Release */ = {
			isa = XCBuildConfiguration;
			buildSettings = {
				ASSETCATALOG_COMPILER_GENERATE_SWIFT_ASSET_SYMBOL_EXTENSIONS = YES;
				CLANG_ANALYZER_NONNULL = YES;
				CLANG_ANALYZER_NUMBER_OBJECT_CONVERSION = YES_AGGRESSIVE;
				CLANG_CXX_LANGUAGE_STANDARD = "gnu++20";
				CLANG_ENABLE_OBJC_WEAK = YES;
				CLANG_WARN_DOCUMENTATION_COMMENTS = YES;
				CLANG_WARN_UNGUARDED_AVAILABILITY = YES_AGGRESSIVE;
				CODE_SIGN_ENTITLEMENTS = IssieBoardEn/IssieBoardEn.entitlements;
				CODE_SIGN_STYLE = Automatic;
				COPY_PHASE_STRIP = NO;
				CURRENT_PROJECT_VERSION = 1;
				DEBUG_INFORMATION_FORMAT = "dwarf-with-dsym";
				DEVELOPMENT_TEAM = SKNJT9TD9G;
				ENABLE_USER_SCRIPT_SANDBOXING = YES;
				GCC_C_LANGUAGE_STANDARD = gnu17;
				GENERATE_INFOPLIST_FILE = YES;
				INFOPLIST_FILE = IssieBoardEn/Info.plist;
				INFOPLIST_KEY_CFBundleDisplayName = "IssieBoard - English";
				INFOPLIST_KEY_NSHumanReadableCopyright = "";
				IPHONEOS_DEPLOYMENT_TARGET = 26.2;
				LD_RUNPATH_SEARCH_PATHS = (
					"$(inherited)",
					"@executable_path/Frameworks",
					"@executable_path/../../Frameworks",
				);
				LOCALIZATION_PREFERS_STRING_CATALOGS = YES;
				MARKETING_VERSION = 1.0;
				MTL_FAST_MATH = YES;
				PRODUCT_BUNDLE_IDENTIFIER = com.issieshapiro.Issieboard.IssieBoardEn;
				PRODUCT_NAME = "$(TARGET_NAME)";
				SKIP_INSTALL = YES;
				STRING_CATALOG_GENERATE_SYMBOLS = YES;
				SWIFT_APPROACHABLE_CONCURRENCY = YES;
				SWIFT_COMPILATION_MODE = wholemodule;
				SWIFT_EMIT_LOC_STRINGS = YES;
				SWIFT_UPCOMING_FEATURE_MEMBER_IMPORT_VISIBILITY = YES;
				SWIFT_VERSION = 5.0;
				TARGETED_DEVICE_FAMILY = "1,2";
			};
			name = Release;
		};
		6ACC1E752F2CDEA800F1FA30 /* Debug */ = {
			isa = XCBuildConfiguration;
			buildSettings = {
				ASSETCATALOG_COMPILER_GENERATE_SWIFT_ASSET_SYMBOL_EXTENSIONS = YES;
				CLANG_ANALYZER_NONNULL = YES;
				CLANG_ANALYZER_NUMBER_OBJECT_CONVERSION = YES_AGGRESSIVE;
				CLANG_CXX_LANGUAGE_STANDARD = "gnu++20";
				CLANG_ENABLE_OBJC_WEAK = YES;
				CLANG_WARN_DOCUMENTATION_COMMENTS = YES;
				CLANG_WARN_UNGUARDED_AVAILABILITY = YES_AGGRESSIVE;
				CODE_SIGN_ENTITLEMENTS = IssieBoardHe/IssieBoardHe.entitlements;
				CODE_SIGN_STYLE = Automatic;
				CURRENT_PROJECT_VERSION = 1;
				DEBUG_INFORMATION_FORMAT = dwarf;
				DEVELOPMENT_TEAM = SKNJT9TD9G;
				ENABLE_USER_SCRIPT_SANDBOXING = YES;
				GCC_C_LANGUAGE_STANDARD = gnu17;
				GENERATE_INFOPLIST_FILE = YES;
				INFOPLIST_FILE = IssieBoardHe/Info.plist;
				INFOPLIST_KEY_CFBundleDisplayName = "IssieBoard - עברית";
				INFOPLIST_KEY_NSHumanReadableCopyright = "";
				IPHONEOS_DEPLOYMENT_TARGET = 26.2;
				LD_RUNPATH_SEARCH_PATHS = (
					"$(inherited)",
					"@executable_path/Frameworks",
					"@executable_path/../../Frameworks",
				);
				LOCALIZATION_PREFERS_STRING_CATALOGS = YES;
				MARKETING_VERSION = 1.0;
				MTL_ENABLE_DEBUG_INFO = INCLUDE_SOURCE;
				MTL_FAST_MATH = YES;
				PRODUCT_BUNDLE_IDENTIFIER = com.issieshapiro.Issieboard.IssieBoardHe;
				PRODUCT_NAME = "$(TARGET_NAME)";
				SKIP_INSTALL = YES;
				STRING_CATALOG_GENERATE_SYMBOLS = YES;
				SWIFT_ACTIVE_COMPILATION_CONDITIONS = "DEBUG $(inherited)";
				SWIFT_APPROACHABLE_CONCURRENCY = YES;
				SWIFT_EMIT_LOC_STRINGS = YES;
				SWIFT_OPTIMIZATION_LEVEL = "-Onone";
				SWIFT_UPCOMING_FEATURE_MEMBER_IMPORT_VISIBILITY = YES;
				SWIFT_VERSION = 5.0;
				TARGETED_DEVICE_FAMILY = "1,2";
			};
			name = Debug;
		};
		6ACC1E762F2CDEA800F1FA30 /* Release */ = {
			isa = XCBuildConfiguration;
			buildSettings = {
				ASSETCATALOG_COMPILER_GENERATE_SWIFT_ASSET_SYMBOL_EXTENSIONS = YES;
				CLANG_ANALYZER_NONNULL = YES;
				CLANG_ANALYZER_NUMBER_OBJECT_CONVERSION = YES_AGGRESSIVE;
				CLANG_CXX_LANGUAGE_STANDARD = "gnu++20";
				CLANG_ENABLE_OBJC_WEAK = YES;
				CLANG_WARN_DOCUMENTATION_COMMENTS = YES;
				CLANG_WARN_UNGUARDED_AVAILABILITY = YES_AGGRESSIVE;
				CODE_SIGN_ENTITLEMENTS = IssieBoardHe/IssieBoardHe.entitlements;
				CODE_SIGN_STYLE = Automatic;
				COPY_PHASE_STRIP = NO;
				CURRENT_PROJECT_VERSION = 1;
				DEBUG_INFORMATION_FORMAT = "dwarf-with-dsym";
				DEVELOPMENT_TEAM = SKNJT9TD9G;
				ENABLE_USER_SCRIPT_SANDBOXING = YES;
				GCC_C_LANGUAGE_STANDARD = gnu17;
				GENERATE_INFOPLIST_FILE = YES;
				INFOPLIST_FILE = IssieBoardHe/Info.plist;
				INFOPLIST_KEY_CFBundleDisplayName = "IssieBoard - עברית";
				INFOPLIST_KEY_NSHumanReadableCopyright = "";
				IPHONEOS_DEPLOYMENT_TARGET = 26.2;
				LD_RUNPATH_SEARCH_PATHS = (
					"$(inherited)",
					"@executable_path/Frameworks",
					"@executable_path/../../Frameworks",
				);
				LOCALIZATION_PREFERS_STRING_CATALOGS = YES;
				MARKETING_VERSION = 1.0;
				MTL_FAST_MATH = YES;
				PRODUCT_BUNDLE_IDENTIFIER = com.issieshapiro.Issieboard.IssieBoardHe;
				PRODUCT_NAME = "$(TARGET_NAME)";
				SKIP_INSTALL = YES;
				STRING_CATALOG_GENERATE_SYMBOLS = YES;
				SWIFT_APPROACHABLE_CONCURRENCY = YES;
				SWIFT_COMPILATION_MODE = wholemodule;
				SWIFT_EMIT_LOC_STRINGS = YES;
				SWIFT_UPCOMING_FEATURE_MEMBER_IMPORT_VISIBILITY = YES;
				SWIFT_VERSION = 5.0;
				TARGETED_DEVICE_FAMILY = "1,2";
			};
			name = Release;
		};
		6ACC1E8A2F2CDEBE00F1FA30 /* Debug */ = {
			isa = XCBuildConfiguration;
			buildSettings = {
				ASSETCATALOG_COMPILER_GENERATE_SWIFT_ASSET_SYMBOL_EXTENSIONS = YES;
				CLANG_ANALYZER_NONNULL = YES;
				CLANG_ANALYZER_NUMBER_OBJECT_CONVERSION = YES_AGGRESSIVE;
				CLANG_CXX_LANGUAGE_STANDARD = "gnu++20";
				CLANG_ENABLE_OBJC_WEAK = YES;
				CLANG_WARN_DOCUMENTATION_COMMENTS = YES;
				CLANG_WARN_UNGUARDED_AVAILABILITY = YES_AGGRESSIVE;
				CODE_SIGN_ENTITLEMENTS = IssieBoardAr/IssieBoardAr.entitlements;
				CODE_SIGN_STYLE = Automatic;
				CURRENT_PROJECT_VERSION = 1;
				DEBUG_INFORMATION_FORMAT = dwarf;
				DEVELOPMENT_TEAM = SKNJT9TD9G;
				ENABLE_USER_SCRIPT_SANDBOXING = YES;
				GCC_C_LANGUAGE_STANDARD = gnu17;
				GENERATE_INFOPLIST_FILE = YES;
				INFOPLIST_FILE = IssieBoardAr/Info.plist;
				INFOPLIST_KEY_CFBundleDisplayName = "IssieBoard - العربية";
				INFOPLIST_KEY_NSHumanReadableCopyright = "";
				IPHONEOS_DEPLOYMENT_TARGET = 26.2;
				LD_RUNPATH_SEARCH_PATHS = (
					"$(inherited)",
					"@executable_path/Frameworks",
					"@executable_path/../../Frameworks",
				);
				LOCALIZATION_PREFERS_STRING_CATALOGS = YES;
				MARKETING_VERSION = 1.0;
				MTL_ENABLE_DEBUG_INFO = INCLUDE_SOURCE;
				MTL_FAST_MATH = YES;
				PRODUCT_BUNDLE_IDENTIFIER = com.issieshapiro.Issieboard.IssieBoardAr;
				PRODUCT_NAME = "$(TARGET_NAME)";
				SKIP_INSTALL = YES;
				STRING_CATALOG_GENERATE_SYMBOLS = YES;
				SWIFT_ACTIVE_COMPILATION_CONDITIONS = "DEBUG $(inherited)";
				SWIFT_APPROACHABLE_CONCURRENCY = YES;
				SWIFT_EMIT_LOC_STRINGS = YES;
				SWIFT_OPTIMIZATION_LEVEL = "-Onone";
				SWIFT_UPCOMING_FEATURE_MEMBER_IMPORT_VISIBILITY = YES;
				SWIFT_VERSION = 5.0;
				TARGETED_DEVICE_FAMILY = "1,2";
			};
			name = Debug;
		};
		6ACC1E8B2F2CDEBE00F1FA30 /* Release */ = {
			isa = XCBuildConfiguration;
			buildSettings = {
				ASSETCATALOG_COMPILER_GENERATE_SWIFT_ASSET_SYMBOL_EXTENSIONS = YES;
				CLANG_ANALYZER_NONNULL = YES;
				CLANG_ANALYZER_NUMBER_OBJECT_CONVERSION = YES_AGGRESSIVE;
				CLANG_CXX_LANGUAGE_STANDARD = "gnu++20";
				CLANG_ENABLE_OBJC_WEAK = YES;
				CLANG_WARN_DOCUMENTATION_COMMENTS = YES;
				CLANG_WARN_UNGUARDED_AVAILABILITY = YES_AGGRESSIVE;
				CODE_SIGN_ENTITLEMENTS = IssieBoardAr/IssieBoardAr.entitlements;
				CODE_SIGN_STYLE = Automatic;
				COPY_PHASE_STRIP = NO;
				CURRENT_PROJECT_VERSION = 1;
				DEBUG_INFORMATION_FORMAT = "dwarf-with-dsym";
				DEVELOPMENT_TEAM = SKNJT9TD9G;
				ENABLE_USER_SCRIPT_SANDBOXING = YES;
				GCC_C_LANGUAGE_STANDARD = gnu17;
				GENERATE_INFOPLIST_FILE = YES;
				INFOPLIST_FILE = IssieBoardAr/Info.plist;
				INFOPLIST_KEY_CFBundleDisplayName = "IssieBoard - العربية";
				INFOPLIST_KEY_NSHumanReadableCopyright = "";
				IPHONEOS_DEPLOYMENT_TARGET = 26.2;
				LD_RUNPATH_SEARCH_PATHS = (
					"$(inherited)",
					"@executable_path/Frameworks",
					"@executable_path/../../Frameworks",
				);
				LOCALIZATION_PREFERS_STRING_CATALOGS = YES;
				MARKETING_VERSION = 1.0;
				MTL_FAST_MATH = YES;
				PRODUCT_BUNDLE_IDENTIFIER = com.issieshapiro.Issieboard.IssieBoardAr;
				PRODUCT_NAME = "$(TARGET_NAME)";
				SKIP_INSTALL = YES;
				STRING_CATALOG_GENERATE_SYMBOLS = YES;
				SWIFT_APPROACHABLE_CONCURRENCY = YES;
				SWIFT_COMPILATION_MODE = wholemodule;
				SWIFT_EMIT_LOC_STRINGS = YES;
				SWIFT_UPCOMING_FEATURE_MEMBER_IMPORT_VISIBILITY = YES;
				SWIFT_VERSION = 5.0;
				TARGETED_DEVICE_FAMILY = "1,2";
			};
			name = Release;
		};
		83CBBA201A601CBA00E9B192 /* Debug */ = {
			isa = XCBuildConfiguration;
			buildSettings = {
				ALWAYS_SEARCH_USER_PATHS = NO;
				CLANG_ANALYZER_LOCALIZABILITY_NONLOCALIZED = YES;
				CLANG_CXX_LANGUAGE_STANDARD = "c++20";
				CLANG_CXX_LIBRARY = "libc++";
				CLANG_ENABLE_MODULES = YES;
				CLANG_ENABLE_OBJC_ARC = YES;
				CLANG_WARN_BLOCK_CAPTURE_AUTORELEASING = YES;
				CLANG_WARN_BOOL_CONVERSION = YES;
				CLANG_WARN_COMMA = YES;
				CLANG_WARN_CONSTANT_CONVERSION = YES;
				CLANG_WARN_DEPRECATED_OBJC_IMPLEMENTATIONS = YES;
				CLANG_WARN_DIRECT_OBJC_ISA_USAGE = YES_ERROR;
				CLANG_WARN_EMPTY_BODY = YES;
				CLANG_WARN_ENUM_CONVERSION = YES;
				CLANG_WARN_INFINITE_RECURSION = YES;
				CLANG_WARN_INT_CONVERSION = YES;
				CLANG_WARN_NON_LITERAL_NULL_CONVERSION = YES;
				CLANG_WARN_OBJC_IMPLICIT_RETAIN_SELF = YES;
				CLANG_WARN_OBJC_LITERAL_CONVERSION = YES;
				CLANG_WARN_OBJC_ROOT_CLASS = YES_ERROR;
				CLANG_WARN_QUOTED_INCLUDE_IN_FRAMEWORK_HEADER = YES;
				CLANG_WARN_RANGE_LOOP_ANALYSIS = YES;
				CLANG_WARN_STRICT_PROTOTYPES = YES;
				CLANG_WARN_SUSPICIOUS_MOVE = YES;
				CLANG_WARN_UNREACHABLE_CODE = YES;
				CLANG_WARN__DUPLICATE_METHOD_MATCH = YES;
				"CODE_SIGN_IDENTITY[sdk=iphoneos*]" = "iPhone Developer";
				COPY_PHASE_STRIP = NO;
				ENABLE_STRICT_OBJC_MSGSEND = YES;
				ENABLE_TESTABILITY = YES;
				"EXCLUDED_ARCHS[sdk=iphonesimulator*]" = "";
				GCC_C_LANGUAGE_STANDARD = gnu99;
				GCC_DYNAMIC_NO_PIC = NO;
				GCC_NO_COMMON_BLOCKS = YES;
				GCC_OPTIMIZATION_LEVEL = 0;
				GCC_PREPROCESSOR_DEFINITIONS = (
					"DEBUG=1",
					"$(inherited)",
				);
				GCC_SYMBOLS_PRIVATE_EXTERN = NO;
				GCC_WARN_64_TO_32_BIT_CONVERSION = YES;
				GCC_WARN_ABOUT_RETURN_TYPE = YES_ERROR;
				GCC_WARN_UNDECLARED_SELECTOR = YES;
				GCC_WARN_UNINITIALIZED_AUTOS = YES_AGGRESSIVE;
				GCC_WARN_UNUSED_FUNCTION = YES;
				GCC_WARN_UNUSED_VARIABLE = YES;
				IPHONEOS_DEPLOYMENT_TARGET = 15.1;
				LD_RUNPATH_SEARCH_PATHS = (
					/usr/lib/swift,
					"$(inherited)",
				);
				LIBRARY_SEARCH_PATHS = (
					"\"$(SDKROOT)/usr/lib/swift\"",
					"\"$(TOOLCHAIN_DIR)/usr/lib/swift/$(PLATFORM_NAME)\"",
					"\"$(inherited)\"",
				);
				MTL_ENABLE_DEBUG_INFO = YES;
				ONLY_ACTIVE_ARCH = YES;
				OTHER_CFLAGS = "$(inherited)";
				OTHER_CPLUSPLUSFLAGS = (
					"$(OTHER_CFLAGS)",
					"-DFOLLY_NO_CONFIG",
					"-DFOLLY_MOBILE=1",
					"-DFOLLY_USE_LIBCPP=1",
					"-DFOLLY_CFG_NO_COROUTINES=1",
					"-DFOLLY_HAVE_CLOCK_GETTIME=1",
				);
				REACT_NATIVE_PATH = "${PODS_ROOT}/../../node_modules/react-native";
				SDKROOT = iphoneos;
				SWIFT_ACTIVE_COMPILATION_CONDITIONS = "$(inherited) DEBUG";
				USE_HERMES = true;
			};
			name = Debug;
		};
		83CBBA211A601CBA00E9B192 /* Release */ = {
			isa = XCBuildConfiguration;
			buildSettings = {
				ALWAYS_SEARCH_USER_PATHS = NO;
				CLANG_ANALYZER_LOCALIZABILITY_NONLOCALIZED = YES;
				CLANG_CXX_LANGUAGE_STANDARD = "c++20";
				CLANG_CXX_LIBRARY = "libc++";
				CLANG_ENABLE_MODULES = YES;
				CLANG_ENABLE_OBJC_ARC = YES;
				CLANG_WARN_BLOCK_CAPTURE_AUTORELEASING = YES;
				CLANG_WARN_BOOL_CONVERSION = YES;
				CLANG_WARN_COMMA = YES;
				CLANG_WARN_CONSTANT_CONVERSION = YES;
				CLANG_WARN_DEPRECATED_OBJC_IMPLEMENTATIONS = YES;
				CLANG_WARN_DIRECT_OBJC_ISA_USAGE = YES_ERROR;
				CLANG_WARN_EMPTY_BODY = YES;
				CLANG_WARN_ENUM_CONVERSION = YES;
				CLANG_WARN_INFINITE_RECURSION = YES;
				CLANG_WARN_INT_CONVERSION = YES;
				CLANG_WARN_NON_LITERAL_NULL_CONVERSION = YES;
				CLANG_WARN_OBJC_IMPLICIT_RETAIN_SELF = YES;
				CLANG_WARN_OBJC_LITERAL_CONVERSION = YES;
				CLANG_WARN_OBJC_ROOT_CLASS = YES_ERROR;
				CLANG_WARN_QUOTED_INCLUDE_IN_FRAMEWORK_HEADER = YES;
				CLANG_WARN_RANGE_LOOP_ANALYSIS = YES;
				CLANG_WARN_STRICT_PROTOTYPES = YES;
				CLANG_WARN_SUSPICIOUS_MOVE = YES;
				CLANG_WARN_UNREACHABLE_CODE = YES;
				CLANG_WARN__DUPLICATE_METHOD_MATCH = YES;
				"CODE_SIGN_IDENTITY[sdk=iphoneos*]" = "iPhone Developer";
				COPY_PHASE_STRIP = YES;
				ENABLE_NS_ASSERTIONS = NO;
				ENABLE_STRICT_OBJC_MSGSEND = YES;
				"EXCLUDED_ARCHS[sdk=iphonesimulator*]" = "";
				GCC_C_LANGUAGE_STANDARD = gnu99;
				GCC_NO_COMMON_BLOCKS = YES;
				GCC_WARN_64_TO_32_BIT_CONVERSION = YES;
				GCC_WARN_ABOUT_RETURN_TYPE = YES_ERROR;
				GCC_WARN_UNDECLARED_SELECTOR = YES;
				GCC_WARN_UNINITIALIZED_AUTOS = YES_AGGRESSIVE;
				GCC_WARN_UNUSED_FUNCTION = YES;
				GCC_WARN_UNUSED_VARIABLE = YES;
				IPHONEOS_DEPLOYMENT_TARGET = 15.1;
				LD_RUNPATH_SEARCH_PATHS = (
					/usr/lib/swift,
					"$(inherited)",
				);
				LIBRARY_SEARCH_PATHS = (
					"\"$(SDKROOT)/usr/lib/swift\"",
					"\"$(TOOLCHAIN_DIR)/usr/lib/swift/$(PLATFORM_NAME)\"",
					"\"$(inherited)\"",
				);
				MTL_ENABLE_DEBUG_INFO = NO;
				OTHER_CFLAGS = "$(inherited)";
				OTHER_CPLUSPLUSFLAGS = (
					"$(OTHER_CFLAGS)",
					"-DFOLLY_NO_CONFIG",
					"-DFOLLY_MOBILE=1",
					"-DFOLLY_USE_LIBCPP=1",
					"-DFOLLY_CFG_NO_COROUTINES=1",
					"-DFOLLY_HAVE_CLOCK_GETTIME=1",
				);
				REACT_NATIVE_PATH = "${PODS_ROOT}/../../node_modules/react-native";
				SDKROOT = iphoneos;
				USE_HERMES = true;
				VALIDATE_PRODUCT = YES;
			};
			name = Release;
		};
/* End XCBuildConfiguration section */

/* Begin XCConfigurationList section */
		13B07F931A680F5B00A75B9A /* Build configuration list for PBXNativeTarget "IssieBoard" */ = {
			isa = XCConfigurationList;
			buildConfigurations = (
				13B07F941A680F5B00A75B9A /* Debug */,
				13B07F951A680F5B00A75B9A /* Release */,
			);
			defaultConfigurationIsVisible = 0;
			defaultConfigurationName = Release;
		};
		6AA1FD132F3D26FA002BD212 /* Build configuration list for PBXNativeTarget "IssieVoice" */ = {
			isa = XCConfigurationList;
			buildConfigurations = (
				6AA1FD142F3D26FA002BD212 /* Debug */,
				6AA1FD152F3D26FA002BD212 /* Release */,
			);
			defaultConfigurationIsVisible = 0;
			defaultConfigurationName = Release;
		};
		6ACC1DFF2F2AB0A900F1FA30 /* Build configuration list for PBXNativeTarget "IssieBoardNGTests" */ = {
			isa = XCConfigurationList;
			buildConfigurations = (
				6ACC1DFD2F2AB0A900F1FA30 /* Debug */,
				6ACC1DFE2F2AB0A900F1FA30 /* Release */,
			);
			defaultConfigurationIsVisible = 0;
			defaultConfigurationName = Release;
		};
		6ACC1E5F2F2CDE8300F1FA30 /* Build configuration list for PBXNativeTarget "IssieBoardEn" */ = {
			isa = XCConfigurationList;
			buildConfigurations = (
				6ACC1E602F2CDE8300F1FA30 /* Debug */,
				6ACC1E612F2CDE8300F1FA30 /* Release */,
			);
			defaultConfigurationIsVisible = 0;
			defaultConfigurationName = Release;
		};
		6ACC1E742F2CDEA800F1FA30 /* Build configuration list for PBXNativeTarget "IssieBoardHe" */ = {
			isa = XCConfigurationList;
			buildConfigurations = (
				6ACC1E752F2CDEA800F1FA30 /* Debug */,
				6ACC1E762F2CDEA800F1FA30 /* Release */,
			);
			defaultConfigurationIsVisible = 0;
			defaultConfigurationName = Release;
		};
		6ACC1E892F2CDEBE00F1FA30 /* Build configuration list for PBXNativeTarget "IssieBoardAr" */ = {
			isa = XCConfigurationList;
			buildConfigurations = (
				6ACC1E8A2F2CDEBE00F1FA30 /* Debug */,
				6ACC1E8B2F2CDEBE00F1FA30 /* Release */,
			);
			defaultConfigurationIsVisible = 0;
			defaultConfigurationName = Release;
		};
		83CBB9FA1A601CBA00E9B192 /* Build configuration list for PBXProject "IssieBoardNG" */ = {
			isa = XCConfigurationList;
			buildConfigurations = (
				83CBBA201A601CBA00E9B192 /* Debug */,
				83CBBA211A601CBA00E9B192 /* Release */,
			);
			defaultConfigurationIsVisible = 0;
			defaultConfigurationName = Release;
		};
/* End XCConfigurationList section */
	};
	rootObject = 83CBB9F71A601CBA00E9B192 /* Project object */;
}
