// !$*UTF8*$!
{
	archiveVersion = 1;
	classes = {
	};
	objectVersion = 70;
	objects = {

/* Begin PBXBuildFile section */
		0C80B921A6F3F58F76C31292 /* libPods-IssieBoardNG.a in Frameworks */ = {isa = PBXBuildFile; fileRef = 5DCACB8F33CDC322A6C60F78 /* libPods-IssieBoardNG.a */; };
		13B07FBF1A68108700A75B9A /* Images.xcassets in Resources */ = {isa = PBXBuildFile; fileRef = 13B07FB51A68108700A75B9A /* Images.xcassets */; };
		5326AF4A4DECB80A70586DB4 /* PrivacyInfo.xcprivacy in Resources */ = {isa = PBXBuildFile; fileRef = 13B07FB81A68108700A75B9A /* PrivacyInfo.xcprivacy */; };
		6A1E33652F22091300035455 /* IssieBoard.appex in Embed Foundation Extensions */ = {isa = PBXBuildFile; fileRef = 6A1E335E2F22091300035455 /* IssieBoard.appex */; settings = {ATTRIBUTES = (RemoveHeadersOnCopy, ); }; };
		6A1E336F2F220FCA00035455 /* KeyboardPreferences.swift in Sources */ = {isa = PBXBuildFile; fileRef = 6A1E336D2F220FCA00035455 /* KeyboardPreferences.swift */; };
		6A1E33702F220FCA00035455 /* KeyboardPreferences.swift in Sources */ = {isa = PBXBuildFile; fileRef = 6A1E336D2F220FCA00035455 /* KeyboardPreferences.swift */; };
		6A1E33722F2216ED00035455 /* KeyboardPreferencesModule.m in Sources */ = {isa = PBXBuildFile; fileRef = 6A1E33712F2216ED00035455 /* KeyboardPreferencesModule.m */; };
		6A1E33752F22170C00035455 /* KeyboardPreferencesModule.swift in Sources */ = {isa = PBXBuildFile; fileRef = 6A1E33742F22170B00035455 /* KeyboardPreferencesModule.swift */; };
		6A1E33772F22198A00035455 /* KeyboardModels.swift in Sources */ = {isa = PBXBuildFile; fileRef = 6A1E33762F22198A00035455 /* KeyboardModels.swift */; };
		6A1E33782F22198A00035455 /* KeyboardModels.swift in Sources */ = {isa = PBXBuildFile; fileRef = 6A1E33762F22198A00035455 /* KeyboardModels.swift */; };
		6A73B6892F24E985003898A5 /* KeyboardRenderer.swift in Sources */ = {isa = PBXBuildFile; fileRef = 6A73B6882F24E985003898A5 /* KeyboardRenderer.swift */; };
		6A73B68A2F24E985003898A5 /* KeyboardRenderer.swift in Sources */ = {isa = PBXBuildFile; fileRef = 6A73B6882F24E985003898A5 /* KeyboardRenderer.swift */; };
		6A73B68E2F24E9B1003898A5 /* KeyboardPreviewViewManager.swift in Sources */ = {isa = PBXBuildFile; fileRef = 6A73B68D2F24E9B1003898A5 /* KeyboardPreviewViewManager.swift */; };
		6A73B68F2F24E9B1003898A5 /* KeyboardPreviewViewManager.m in Sources */ = {isa = PBXBuildFile; fileRef = 6A73B68C2F24E9B1003898A5 /* KeyboardPreviewViewManager.m */; };
		6A73B6902F24E9B1003898A5 /* KeyboardPreviewView.swift in Sources */ = {isa = PBXBuildFile; fileRef = 6A73B68B2F24E9B1003898A5 /* KeyboardPreviewView.swift */; };
		6ACC1E292F2B564800F1FA30 /* TrieEngine.swift in Sources */ = {isa = PBXBuildFile; fileRef = 6ACC1E282F2B564800F1FA30 /* TrieEngine.swift */; };
		6ACC1E2A2F2B564800F1FA30 /* TrieEngine.swift in Sources */ = {isa = PBXBuildFile; fileRef = 6ACC1E282F2B564800F1FA30 /* TrieEngine.swift */; };
		6ACC1E2B2F2B564800F1FA30 /* TrieEngine.swift in Sources */ = {isa = PBXBuildFile; fileRef = 6ACC1E282F2B564800F1FA30 /* TrieEngine.swift */; };
		6AWORD00012F300100035455 /* TrieEngine.swift in Sources */ = {isa = PBXBuildFile; fileRef = 6AWORD00002F300100035455 /* TrieEngine.swift */; };
		6AWORD00022F300100035455 /* TrieEngine.swift in Sources */ = {isa = PBXBuildFile; fileRef = 6AWORD00002F300100035455 /* TrieEngine.swift */; };
		6AWORD00032F300100035455 /* WordCompletionManager.swift in Sources */ = {isa = PBXBuildFile; fileRef = 6AWORD00042F300100035455 /* WordCompletionManager.swift */; };
		6AWORD00052F300100035455 /* WordCompletionManager.swift in Sources */ = {isa = PBXBuildFile; fileRef = 6AWORD00042F300100035455 /* WordCompletionManager.swift */; };
		761780ED2CA45674006654EE /* AppDelegate.swift in Sources */ = {isa = PBXBuildFile; fileRef = 761780EC2CA45674006654EE /* AppDelegate.swift */; };
		81AB9BB82411601600AC10FF /* LaunchScreen.storyboard in Resources */ = {isa = PBXBuildFile; fileRef = 81AB9BB72411601600AC10FF /* LaunchScreen.storyboard */; };
/* End PBXBuildFile section */

/* Begin PBXContainerItemProxy section */
		6A1E33632F22091300035455 /* PBXContainerItemProxy */ = {
			isa = PBXContainerItemProxy;
			containerPortal = 83CBB9F71A601CBA00E9B192 /* Project object */;
			proxyType = 1;
			remoteGlobalIDString = 6A1E335D2F22091300035455;
			remoteInfo = IssieBoard;
		};
		6ACC1DFB2F2AB0A900F1FA30 /* PBXContainerItemProxy */ = {
			isa = PBXContainerItemProxy;
			containerPortal = 83CBB9F71A601CBA00E9B192 /* Project object */;
			proxyType = 1;
			remoteGlobalIDString = 13B07F861A680F5B00A75B9A;
			remoteInfo = IssieBoardNG;
		};
/* End PBXContainerItemProxy section */

/* Begin PBXCopyFilesBuildPhase section */
		6A1E33662F22091300035455 /* Embed Foundation Extensions */ = {
			isa = PBXCopyFilesBuildPhase;
			buildActionMask = 2147483647;
			dstPath = "";
			dstSubfolderSpec = 13;
			files = (
				6A1E33652F22091300035455 /* IssieBoard.appex in Embed Foundation Extensions */,
			);
			name = "Embed Foundation Extensions";
			runOnlyForDeploymentPostprocessing = 0;
		};
/* End PBXCopyFilesBuildPhase section */

/* Begin PBXFileReference section */
		13B07F961A680F5B00A75B9A /* IssieBoardNG.app */ = {isa = PBXFileReference; explicitFileType = wrapper.application; includeInIndex = 0; path = IssieBoardNG.app; sourceTree = BUILT_PRODUCTS_DIR; };
		13B07FB51A68108700A75B9A /* Images.xcassets */ = {isa = PBXFileReference; lastKnownFileType = folder.assetcatalog; name = Images.xcassets; path = IssieBoardNG/Images.xcassets; sourceTree = "<group>"; };
		13B07FB61A68108700A75B9A /* Info.plist */ = {isa = PBXFileReference; fileEncoding = 4; lastKnownFileType = text.plist.xml; name = Info.plist; path = IssieBoardNG/Info.plist; sourceTree = "<group>"; };
		13B07FB81A68108700A75B9A /* PrivacyInfo.xcprivacy */ = {isa = PBXFileReference; fileEncoding = 4; lastKnownFileType = text.plist.xml; name = PrivacyInfo.xcprivacy; path = IssieBoardNG/PrivacyInfo.xcprivacy; sourceTree = "<group>"; };
		3B4392A12AC88292D35C810B /* Pods-IssieBoardNG.debug.xcconfig */ = {isa = PBXFileReference; includeInIndex = 1; lastKnownFileType = text.xcconfig; name = "Pods-IssieBoardNG.debug.xcconfig"; path = "Target Support Files/Pods-IssieBoardNG/Pods-IssieBoardNG.debug.xcconfig"; sourceTree = "<group>"; };
		5709B34CF0A7D63546082F79 /* Pods-IssieBoardNG.release.xcconfig */ = {isa = PBXFileReference; includeInIndex = 1; lastKnownFileType = text.xcconfig; name = "Pods-IssieBoardNG.release.xcconfig"; path = "Target Support Files/Pods-IssieBoardNG/Pods-IssieBoardNG.release.xcconfig"; sourceTree = "<group>"; };
		5DCACB8F33CDC322A6C60F78 /* libPods-IssieBoardNG.a */ = {isa = PBXFileReference; explicitFileType = archive.ar; includeInIndex = 0; path = "libPods-IssieBoardNG.a"; sourceTree = BUILT_PRODUCTS_DIR; };
		6A1E335E2F22091300035455 /* IssieBoard.appex */ = {isa = PBXFileReference; explicitFileType = "wrapper.app-extension"; includeInIndex = 0; path = IssieBoard.appex; sourceTree = BUILT_PRODUCTS_DIR; };
		6A1E336B2F220E8700035455 /* IssieBoardNG.entitlements */ = {isa = PBXFileReference; lastKnownFileType = text.plist.entitlements; name = IssieBoardNG.entitlements; path = IssieBoardNG/IssieBoardNG.entitlements; sourceTree = "<group>"; };
		6A1E336D2F220FCA00035455 /* KeyboardPreferences.swift */ = {isa = PBXFileReference; lastKnownFileType = sourcecode.swift; path = KeyboardPreferences.swift; sourceTree = "<group>"; };
		6A1E33712F2216ED00035455 /* KeyboardPreferencesModule.m */ = {isa = PBXFileReference; lastKnownFileType = sourcecode.c.objc; name = KeyboardPreferencesModule.m; path = IssieBoardNG/KeyboardPreferencesModule.m; sourceTree = "<group>"; };
		6A1E33732F2216F000035455 /* IssieBoardNG-Bridging-Header.h */ = {isa = PBXFileReference; lastKnownFileType = sourcecode.c.h; path = "IssieBoardNG-Bridging-Header.h"; sourceTree = "<group>"; };
		6A1E33742F22170B00035455 /* KeyboardPreferencesModule.swift */ = {isa = PBXFileReference; lastKnownFileType = sourcecode.swift; name = KeyboardPreferencesModule.swift; path = IssieBoardNG/KeyboardPreferencesModule.swift; sourceTree = "<group>"; };
		6A1E33762F22198A00035455 /* KeyboardModels.swift */ = {isa = PBXFileReference; lastKnownFileType = sourcecode.swift; path = KeyboardModels.swift; sourceTree = "<group>"; };
		6A73B6882F24E985003898A5 /* KeyboardRenderer.swift */ = {isa = PBXFileReference; lastKnownFileType = sourcecode.swift; path = KeyboardRenderer.swift; sourceTree = "<group>"; };
		6A73B68B2F24E9B1003898A5 /* KeyboardPreviewView.swift */ = {isa = PBXFileReference; lastKnownFileType = sourcecode.swift; name = KeyboardPreviewView.swift; path = IssieBoardNG/KeyboardPreviewView.swift; sourceTree = "<group>"; };
		6A73B68C2F24E9B1003898A5 /* KeyboardPreviewViewManager.m */ = {isa = PBXFileReference; lastKnownFileType = sourcecode.c.objc; name = KeyboardPreviewViewManager.m; path = IssieBoardNG/KeyboardPreviewViewManager.m; sourceTree = "<group>"; };
		6A73B68D2F24E9B1003898A5 /* KeyboardPreviewViewManager.swift */ = {isa = PBXFileReference; lastKnownFileType = sourcecode.swift; name = KeyboardPreviewViewManager.swift; path = IssieBoardNG/KeyboardPreviewViewManager.swift; sourceTree = "<group>"; };
		6ACC1DF72F2AB0A800F1FA30 /* IssieBoardNGTests.xctest */ = {isa = PBXFileReference; explicitFileType = wrapper.cfbundle; includeInIndex = 0; path = IssieBoardNGTests.xctest; sourceTree = BUILT_PRODUCTS_DIR; };
		6ACC1E282F2B564800F1FA30 /* TrieEngine.swift */ = {isa = PBXFileReference; lastKnownFileType = sourcecode.swift; path = TrieEngine.swift; sourceTree = "<group>"; };
		6AWORD00002F300100035455 /* TrieEngine.swift */ = {isa = PBXFileReference; lastKnownFileType = sourcecode.swift; path = TrieEngine.swift; sourceTree = "<group>"; };
		6AWORD00042F300100035455 /* WordCompletionManager.swift */ = {isa = PBXFileReference; lastKnownFileType = sourcecode.swift; path = WordCompletionManager.swift; sourceTree = "<group>"; };
		761780EC2CA45674006654EE /* AppDelegate.swift */ = {isa = PBXFileReference; lastKnownFileType = sourcecode.swift; name = AppDelegate.swift; path = IssieBoardNG/AppDelegate.swift; sourceTree = "<group>"; };
		81AB9BB72411601600AC10FF /* LaunchScreen.storyboard */ = {isa = PBXFileReference; fileEncoding = 4; lastKnownFileType = file.storyboard; name = LaunchScreen.storyboard; path = IssieBoardNG/LaunchScreen.storyboard; sourceTree = "<group>"; };
		ED297162215061F000B7C4FE /* JavaScriptCore.framework */ = {isa = PBXFileReference; lastKnownFileType = wrapper.framework; name = JavaScriptCore.framework; path = System/Library/Frameworks/JavaScriptCore.framework; sourceTree = SDKROOT; };
/* End PBXFileReference section */

/* Begin PBXFileSystemSynchronizedBuildFileExceptionSet section */
		6A1E33692F22091300035455 /* PBXFileSystemSynchronizedBuildFileExceptionSet */ = {
			isa = PBXFileSystemSynchronizedBuildFileExceptionSet;
			membershipExceptions = (
				Info.plist,
			);
			target = 6A1E335D2F22091300035455 /* IssieBoard */;
		};
/* End PBXFileSystemSynchronizedBuildFileExceptionSet section */

/* Begin PBXFileSystemSynchronizedRootGroup section */
		6A1E335F2F22091300035455 /* IssieBoard */ = {isa = PBXFileSystemSynchronizedRootGroup; exceptions = (6A1E33692F22091300035455 /* PBXFileSystemSynchronizedBuildFileExceptionSet */, ); explicitFileTypes = {}; explicitFolders = (); path = IssieBoard; sourceTree = "<group>"; };
		6ACC1DF82F2AB0A900F1FA30 /* IssieBoardNGTests */ = {isa = PBXFileSystemSynchronizedRootGroup; explicitFileTypes = {}; explicitFolders = (); path = IssieBoardNGTests; sourceTree = "<group>"; };
/* End PBXFileSystemSynchronizedRootGroup section */

/* Begin PBXFrameworksBuildPhase section */
		13B07F8C1A680F5B00A75B9A /* Frameworks */ = {
			isa = PBXFrameworksBuildPhase;
			buildActionMask = 2147483647;
			files = (
				0C80B921A6F3F58F76C31292 /* libPods-IssieBoardNG.a in Frameworks */,
			);
			runOnlyForDeploymentPostprocessing = 0;
		};
		6A1E335B2F22091300035455 /* Frameworks */ = {
			isa = PBXFrameworksBuildPhase;
			buildActionMask = 2147483647;
			files = (
			);
			runOnlyForDeploymentPostprocessing = 0;
		};
		6ACC1DF42F2AB0A800F1FA30 /* Frameworks */ = {
			isa = PBXFrameworksBuildPhase;
			buildActionMask = 2147483647;
			files = (
			);
			runOnlyForDeploymentPostprocessing = 0;
		};
/* End PBXFrameworksBuildPhase section */

/* Begin PBXGroup section */
		13B07FAE1A68108700A75B9A /* IssieBoardNG */ = {
			isa = PBXGroup;
			children = (
				6A1E336B2F220E8700035455 /* IssieBoardNG.entitlements */,
				13B07FB51A68108700A75B9A /* Images.xcassets */,
				761780EC2CA45674006654EE /* AppDelegate.swift */,
				13B07FB61A68108700A75B9A /* Info.plist */,
				81AB9BB72411601600AC10FF /* LaunchScreen.storyboard */,
				13B07FB81A68108700A75B9A /* PrivacyInfo.xcprivacy */,
				6A1E33712F2216ED00035455 /* KeyboardPreferencesModule.m */,
				6A73B68B2F24E9B1003898A5 /* KeyboardPreviewView.swift */,
				6A73B68C2F24E9B1003898A5 /* KeyboardPreviewViewManager.m */,
				6A73B68D2F24E9B1003898A5 /* KeyboardPreviewViewManager.swift */,
				6A1E33742F22170B00035455 /* KeyboardPreferencesModule.swift */,
				6A1E33732F2216F000035455 /* IssieBoardNG-Bridging-Header.h */,
			);
			name = IssieBoardNG;
			sourceTree = "<group>";
		};
		2D16E6871FA4F8E400B85C8A /* Frameworks */ = {
			isa = PBXGroup;
			children = (
				ED297162215061F000B7C4FE /* JavaScriptCore.framework */,
				5DCACB8F33CDC322A6C60F78 /* libPods-IssieBoardNG.a */,
			);
			name = Frameworks;
			sourceTree = "<group>";
		};
		6A1E336E2F220FCA00035455 /* Shared */ = {
			isa = PBXGroup;
			children = (
				6A73B6882F24E985003898A5 /* KeyboardRenderer.swift */,
				6A1E33762F22198A00035455 /* KeyboardModels.swift */,
				6ACC1E282F2B564800F1FA30 /* TrieEngine.swift */,
				6A1E336D2F220FCA00035455 /* KeyboardPreferences.swift */,
				6AWORD00002F300100035455 /* TrieEngine.swift */,
				6AWORD00042F300100035455 /* WordCompletionManager.swift */,
			);
			path = Shared;
			sourceTree = "<group>";
		};
		832341AE1AAA6A7D00B99B32 /* Libraries */ = {
			isa = PBXGroup;
			children = (
			);
			name = Libraries;
			sourceTree = "<group>";
		};
		83CBB9F61A601CBA00E9B192 = {
			isa = PBXGroup;
			children = (
				13B07FAE1A68108700A75B9A /* IssieBoardNG */,
				832341AE1AAA6A7D00B99B32 /* Libraries */,
				6A1E335F2F22091300035455 /* IssieBoard */,
				6A1E336E2F220FCA00035455 /* Shared */,
				6ACC1DF82F2AB0A900F1FA30 /* IssieBoardNGTests */,
				83CBBA001A601CBA00E9B192 /* Products */,
				2D16E6871FA4F8E400B85C8A /* Frameworks */,
				BBD78D7AC51CEA395F1C20DB /* Pods */,
			);
			indentWidth = 2;
			sourceTree = "<group>";
			tabWidth = 2;
			usesTabs = 0;
		};
		83CBBA001A601CBA00E9B192 /* Products */ = {
			isa = PBXGroup;
			children = (
				13B07F961A680F5B00A75B9A /* IssieBoardNG.app */,
				6A1E335E2F22091300035455 /* IssieBoard.appex */,
				6ACC1DF72F2AB0A800F1FA30 /* IssieBoardNGTests.xctest */,
			);
			name = Products;
			sourceTree = "<group>";
		};
		BBD78D7AC51CEA395F1C20DB /* Pods */ = {
			isa = PBXGroup;
			children = (
				3B4392A12AC88292D35C810B /* Pods-IssieBoardNG.debug.xcconfig */,
				5709B34CF0A7D63546082F79 /* Pods-IssieBoardNG.release.xcconfig */,
			);
			path = Pods;
			sourceTree = "<group>";
		};
/* End PBXGroup section */

/* Begin PBXNativeTarget section */
		13B07F861A680F5B00A75B9A /* IssieBoardNG */ = {
			isa = PBXNativeTarget;
			buildConfigurationList = 13B07F931A680F5B00A75B9A /* Build configuration list for PBXNativeTarget "IssieBoardNG" */;
			buildPhases = (
				C38B50BA6285516D6DCD4F65 /* [CP] Check Pods Manifest.lock */,
				13B07F871A680F5B00A75B9A /* Sources */,
				13B07F8C1A680F5B00A75B9A /* Frameworks */,
				13B07F8E1A680F5B00A75B9A /* Resources */,
				00DD1BFF1BD5951E006B06BC /* Bundle React Native code and images */,
				00EEFC60759A1932668264C0 /* [CP] Embed Pods Frameworks */,
				E235C05ADACE081382539298 /* [CP] Copy Pods Resources */,
				6A1E33662F22091300035455 /* Embed Foundation Extensions */,
			);
			buildRules = (
			);
			dependencies = (
				6A1E33642F22091300035455 /* PBXTargetDependency */,
			);
			name = IssieBoardNG;
			productName = IssieBoardNG;
			productReference = 13B07F961A680F5B00A75B9A /* IssieBoardNG.app */;
			productType = "com.apple.product-type.application";
		};
		6A1E335D2F22091300035455 /* IssieBoard */ = {
			isa = PBXNativeTarget;
			buildConfigurationList = 6A1E336A2F22091300035455 /* Build configuration list for PBXNativeTarget "IssieBoard" */;
			buildPhases = (
				6A1E335A2F22091300035455 /* Sources */,
				6A1E335B2F22091300035455 /* Frameworks */,
				6A1E335C2F22091300035455 /* Resources */,
			);
			buildRules = (
			);
			dependencies = (
			);
			fileSystemSynchronizedGroups = (
				6A1E335F2F22091300035455 /* IssieBoard */,
			);
			name = IssieBoard;
			packageProductDependencies = (
			);
			productName = IssieBoard;
			productReference = 6A1E335E2F22091300035455 /* IssieBoard.appex */;
			productType = "com.apple.product-type.app-extension";
		};
		6ACC1DF62F2AB0A800F1FA30 /* IssieBoardNGTests */ = {
			isa = PBXNativeTarget;
			buildConfigurationList = 6ACC1DFF2F2AB0A900F1FA30 /* Build configuration list for PBXNativeTarget "IssieBoardNGTests" */;
			buildPhases = (
				6ACC1DF32F2AB0A800F1FA30 /* Sources */,
				6ACC1DF42F2AB0A800F1FA30 /* Frameworks */,
				6ACC1DF52F2AB0A800F1FA30 /* Resources */,
			);
			buildRules = (
			);
			dependencies = (
				6ACC1DFC2F2AB0A900F1FA30 /* PBXTargetDependency */,
			);
			fileSystemSynchronizedGroups = (
				6ACC1DF82F2AB0A900F1FA30 /* IssieBoardNGTests */,
			);
			name = IssieBoardNGTests;
			packageProductDependencies = (
			);
			productName = IssieBoardNGTests;
			productReference = 6ACC1DF72F2AB0A800F1FA30 /* IssieBoardNGTests.xctest */;
			productType = "com.apple.product-type.bundle.unit-test";
		};
/* End PBXNativeTarget section */

/* Begin PBXProject section */
		83CBB9F71A601CBA00E9B192 /* Project object */ = {
			isa = PBXProject;
			attributes = {
				LastSwiftUpdateCheck = 2620;
				LastUpgradeCheck = 1210;
				TargetAttributes = {
					13B07F861A680F5B00A75B9A = {
						LastSwiftMigration = 2620;
					};
					6A1E335D2F22091300035455 = {
						CreatedOnToolsVersion = 26.2;
					};
					6ACC1DF62F2AB0A800F1FA30 = {
						CreatedOnToolsVersion = 26.2;
						TestTargetID = 13B07F861A680F5B00A75B9A;
					};
				};
			};
			buildConfigurationList = 83CBB9FA1A601CBA00E9B192 /* Build configuration list for PBXProject "IssieBoardNG" */;
			compatibilityVersion = "Xcode 12.0";
			developmentRegion = en;
			hasScannedForEncodings = 0;
			knownRegions = (
				en,
				Base,
			);
			mainGroup = 83CBB9F61A601CBA00E9B192;
			productRefGroup = 83CBBA001A601CBA00E9B192 /* Products */;
			projectDirPath = "";
			projectRoot = "";
			targets = (
				13B07F861A680F5B00A75B9A /* IssieBoardNG */,
				6A1E335D2F22091300035455 /* IssieBoard */,
				6ACC1DF62F2AB0A800F1FA30 /* IssieBoardNGTests */,
			);
		};
/* End PBXProject section */

/* Begin PBXResourcesBuildPhase section */
		13B07F8E1A680F5B00A75B9A /* Resources */ = {
			isa = PBXResourcesBuildPhase;
			buildActionMask = 2147483647;
			files = (
				81AB9BB82411601600AC10FF /* LaunchScreen.storyboard in Resources */,
				13B07FBF1A68108700A75B9A /* Images.xcassets in Resources */,
				5326AF4A4DECB80A70586DB4 /* PrivacyInfo.xcprivacy in Resources */,
			);
			runOnlyForDeploymentPostprocessing = 0;
		};
		6A1E335C2F22091300035455 /* Resources */ = {
			isa = PBXResourcesBuildPhase;
			buildActionMask = 2147483647;
			files = (
			);
			runOnlyForDeploymentPostprocessing = 0;
		};
		6ACC1DF52F2AB0A800F1FA30 /* Resources */ = {
			isa = PBXResourcesBuildPhase;
			buildActionMask = 2147483647;
			files = (
			);
			runOnlyForDeploymentPostprocessing = 0;
		};
/* End PBXResourcesBuildPhase section */

/* Begin PBXShellScriptBuildPhase section */
		00DD1BFF1BD5951E006B06BC /* Bundle React Native code and images */ = {
			isa = PBXShellScriptBuildPhase;
			buildActionMask = 2147483647;
			files = (
			);
			inputPaths = (
				"$(SRCROOT)/.xcode.env.local",
				"$(SRCROOT)/.xcode.env",
			);
			name = "Bundle React Native code and images";
			outputPaths = (
			);
			runOnlyForDeploymentPostprocessing = 0;
			shellPath = /bin/sh;
			shellScript = "set -e\n\nWITH_ENVIRONMENT=\"$REACT_NATIVE_PATH/scripts/xcode/with-environment.sh\"\nREACT_NATIVE_XCODE=\"$REACT_NATIVE_PATH/scripts/react-native-xcode.sh\"\n\n/bin/sh -c \"\\\"$WITH_ENVIRONMENT\\\" \\\"$REACT_NATIVE_XCODE\\\"\"\n";
		};
		00EEFC60759A1932668264C0 /* [CP] Embed Pods Frameworks */ = {
			isa = PBXShellScriptBuildPhase;
			buildActionMask = 2147483647;
			files = (
			);
			inputFileListPaths = (
				"${PODS_ROOT}/Target Support Files/Pods-IssieBoardNG/Pods-IssieBoardNG-frameworks-${CONFIGURATION}-input-files.xcfilelist",
			);
			inputPaths = (
			);
			name = "[CP] Embed Pods Frameworks";
			outputFileListPaths = (
				"${PODS_ROOT}/Target Support Files/Pods-IssieBoardNG/Pods-IssieBoardNG-frameworks-${CONFIGURATION}-output-files.xcfilelist",
			);
			outputPaths = (
			);
			runOnlyForDeploymentPostprocessing = 0;
			shellPath = /bin/sh;
			shellScript = "\"${PODS_ROOT}/Target Support Files/Pods-IssieBoardNG/Pods-IssieBoardNG-frameworks.sh\"\n";
			showEnvVarsInLog = 0;
		};
		C38B50BA6285516D6DCD4F65 /* [CP] Check Pods Manifest.lock */ = {
			isa = PBXShellScriptBuildPhase;
			buildActionMask = 2147483647;
			files = (
			);
			inputFileListPaths = (
			);
			inputPaths = (
				"${PODS_PODFILE_DIR_PATH}/Podfile.lock",
				"${PODS_ROOT}/Manifest.lock",
			);
			name = "[CP] Check Pods Manifest.lock";
			outputFileListPaths = (
			);
			outputPaths = (
				"$(DERIVED_FILE_DIR)/Pods-IssieBoardNG-checkManifestLockResult.txt",
			);
			runOnlyForDeploymentPostprocessing = 0;
			shellPath = /bin/sh;
			shellScript = "diff \"${PODS_PODFILE_DIR_PATH}/Podfile.lock\" \"${PODS_ROOT}/Manifest.lock\" > /dev/null\nif [ $? != 0 ] ; then\n    # print error to STDERR\n    echo \"error: The sandbox is not in sync with the Podfile.lock. Run 'pod install' or update your CocoaPods installation.\" >&2\n    exit 1\nfi\n# This output is used by Xcode 'outputs' to avoid re-running this script phase.\necho \"SUCCESS\" > \"${SCRIPT_OUTPUT_FILE_0}\"\n";
			showEnvVarsInLog = 0;
		};
		E235C05ADACE081382539298 /* [CP] Copy Pods Resources */ = {
			isa = PBXShellScriptBuildPhase;
			buildActionMask = 2147483647;
			files = (
			);
			inputFileListPaths = (
				"${PODS_ROOT}/Target Support Files/Pods-IssieBoardNG/Pods-IssieBoardNG-resources-${CONFIGURATION}-input-files.xcfilelist",
			);
			inputPaths = (
			);
			name = "[CP] Copy Pods Resources";
			outputFileListPaths = (
				"${PODS_ROOT}/Target Support Files/Pods-IssieBoardNG/Pods-IssieBoardNG-resources-${CONFIGURATION}-output-files.xcfilelist",
			);
			outputPaths = (
			);
			runOnlyForDeploymentPostprocessing = 0;
			shellPath = /bin/sh;
			shellScript = "\"${PODS_ROOT}/Target Support Files/Pods-IssieBoardNG/Pods-IssieBoardNG-resources.sh\"\n";
			showEnvVarsInLog = 0;
		};
/* End PBXShellScriptBuildPhase section */

/* Begin PBXSourcesBuildPhase section */
		13B07F871A680F5B00A75B9A /* Sources */ = {
			isa = PBXSourcesBuildPhase;
			buildActionMask = 2147483647;
			files = (
				6A1E33722F2216ED00035455 /* KeyboardPreferencesModule.m in Sources */,
				761780ED2CA45674006654EE /* AppDelegate.swift in Sources */,
				6A73B68E2F24E9B1003898A5 /* KeyboardPreviewViewManager.swift in Sources */,
				6A73B68F2F24E9B1003898A5 /* KeyboardPreviewViewManager.m in Sources */,
				6A73B6902F24E9B1003898A5 /* KeyboardPreviewView.swift in Sources */,
				6ACC1E2A2F2B564800F1FA30 /* TrieEngine.swift in Sources */,
				6A1E33772F22198A00035455 /* KeyboardModels.swift in Sources */,
				6A1E33702F220FCA00035455 /* KeyboardPreferences.swift in Sources */,
				6A1E33752F22170C00035455 /* KeyboardPreferencesModule.swift in Sources */,
				6A73B6892F24E985003898A5 /* KeyboardRenderer.swift in Sources */,
				6AWORD00012F300100035455 /* TrieEngine.swift in Sources */,
				6AWORD00032F300100035455 /* WordCompletionManager.swift in Sources */,
			);
			runOnlyForDeploymentPostprocessing = 0;
		};
		6A1E335A2F22091300035455 /* Sources */ = {
			isa = PBXSourcesBuildPhase;
			buildActionMask = 2147483647;
			files = (
				6A1E33782F22198A00035455 /* KeyboardModels.swift in Sources */,
				6A73B68A2F24E985003898A5 /* KeyboardRenderer.swift in Sources */,
				6A1E336F2F220FCA00035455 /* KeyboardPreferences.swift in Sources */,
				6ACC1E2B2F2B564800F1FA30 /* TrieEngine.swift in Sources */,
				6AWORD00022F300100035455 /* TrieEngine.swift in Sources */,
				6AWORD00052F300100035455 /* WordCompletionManager.swift in Sources */,
			);
			runOnlyForDeploymentPostprocessing = 0;
		};
		6ACC1DF32F2AB0A800F1FA30 /* Sources */ = {
			isa = PBXSourcesBuildPhase;
			buildActionMask = 2147483647;
			files = (
				6ACC1E292F2B564800F1FA30 /* TrieEngine.swift in Sources */,
			);
			runOnlyForDeploymentPostprocessing = 0;
		};
/* End PBXSourcesBuildPhase section */

/* Begin PBXTargetDependency section */
		6A1E33642F22091300035455 /* PBXTargetDependency */ = {
			isa = PBXTargetDependency;
			target = 6A1E335D2F22091300035455 /* IssieBoard */;
			targetProxy = 6A1E33632F22091300035455 /* PBXContainerItemProxy */;
		};
		6ACC1DFC2F2AB0A900F1FA30 /* PBXTargetDependency */ = {
			isa = PBXTargetDependency;
			target = 13B07F861A680F5B00A75B9A /* IssieBoardNG */;
			targetProxy = 6ACC1DFB2F2AB0A900F1FA30 /* PBXContainerItemProxy */;
		};
/* End PBXTargetDependency section */

/* Begin XCBuildConfiguration section */
		13B07F941A680F5B00A75B9A /* Debug */ = {
			isa = XCBuildConfiguration;
			baseConfigurationReference = 3B4392A12AC88292D35C810B /* Pods-IssieBoardNG.debug.xcconfig */;
			buildSettings = {
				ASSETCATALOG_COMPILER_APPICON_NAME = AppIcon;
				CLANG_ENABLE_MODULES = YES;
				CODE_SIGN_ENTITLEMENTS = IssieBoardNG/IssieBoardNG.entitlements;
				CURRENT_PROJECT_VERSION = 1;
				DEVELOPMENT_TEAM = SKNJT9TD9G;
				ENABLE_BITCODE = NO;
				INFOPLIST_FILE = IssieBoardNG/Info.plist;
				IPHONEOS_DEPLOYMENT_TARGET = 15.1;
				LD_RUNPATH_SEARCH_PATHS = (
					"$(inherited)",
					"@executable_path/Frameworks",
				);
				MARKETING_VERSION = 1.0;
				OTHER_LDFLAGS = (
					"$(inherited)",
					"-ObjC",
					"-lc++",
				);
				PRODUCT_BUNDLE_IDENTIFIER = org.issieshapiro.test.Playground;
				PRODUCT_NAME = IssieBoardNG;
				SWIFT_OBJC_BRIDGING_HEADER = "IssieBoardNG-Bridging-Header.h";
				SWIFT_OPTIMIZATION_LEVEL = "-Onone";
				SWIFT_VERSION = 5.0;
				VERSIONING_SYSTEM = "apple-generic";
			};
			name = Debug;
		};
		13B07F951A680F5B00A75B9A /* Release */ = {
			isa = XCBuildConfiguration;
			baseConfigurationReference = 5709B34CF0A7D63546082F79 /* Pods-IssieBoardNG.release.xcconfig */;
			buildSettings = {
				ASSETCATALOG_COMPILER_APPICON_NAME = AppIcon;
				CLANG_ENABLE_MODULES = YES;
				CODE_SIGN_ENTITLEMENTS = IssieBoardNG/IssieBoardNG.entitlements;
				CURRENT_PROJECT_VERSION = 1;
				DEVELOPMENT_TEAM = SKNJT9TD9G;
				INFOPLIST_FILE = IssieBoardNG/Info.plist;
				IPHONEOS_DEPLOYMENT_TARGET = 15.1;
				LD_RUNPATH_SEARCH_PATHS = (
					"$(inherited)",
					"@executable_path/Frameworks",
				);
				MARKETING_VERSION = 1.0;
				OTHER_LDFLAGS = (
					"$(inherited)",
					"-ObjC",
					"-lc++",
				);
				PRODUCT_BUNDLE_IDENTIFIER = org.issieshapiro.test.Playground;
				PRODUCT_NAME = IssieBoardNG;
				SWIFT_OBJC_BRIDGING_HEADER = "IssieBoardNG-Bridging-Header.h";
				SWIFT_VERSION = 5.0;
				VERSIONING_SYSTEM = "apple-generic";
			};
			name = Release;
		};
		6A1E33672F22091300035455 /* Debug */ = {
			isa = XCBuildConfiguration;
			buildSettings = {
				ASSETCATALOG_COMPILER_GENERATE_SWIFT_ASSET_SYMBOL_EXTENSIONS = YES;
				CLANG_ANALYZER_NONNULL = YES;
				CLANG_ANALYZER_NUMBER_OBJECT_CONVERSION = YES_AGGRESSIVE;
				CLANG_CXX_LANGUAGE_STANDARD = "gnu++20";
				CLANG_ENABLE_OBJC_WEAK = YES;
				CLANG_WARN_DOCUMENTATION_COMMENTS = YES;
				CLANG_WARN_UNGUARDED_AVAILABILITY = YES_AGGRESSIVE;
				CODE_SIGN_ENTITLEMENTS = IssieBoard/IssieBoard.entitlements;
				CODE_SIGN_STYLE = Automatic;
				CURRENT_PROJECT_VERSION = 1;
				DEBUG_INFORMATION_FORMAT = dwarf;
				DEVELOPMENT_TEAM = SKNJT9TD9G;
				ENABLE_USER_SCRIPT_SANDBOXING = YES;
				GCC_C_LANGUAGE_STANDARD = gnu17;
				GENERATE_INFOPLIST_FILE = YES;
				INFOPLIST_FILE = IssieBoard/Info.plist;
				INFOPLIST_KEY_CFBundleDisplayName = IssieBoard;
				INFOPLIST_KEY_NSHumanReadableCopyright = "";
				IPHONEOS_DEPLOYMENT_TARGET = 26.2;
				LD_RUNPATH_SEARCH_PATHS = (
					"$(inherited)",
					"@executable_path/Frameworks",
					"@executable_path/../../Frameworks",
				);
				LOCALIZATION_PREFERS_STRING_CATALOGS = YES;
				MARKETING_VERSION = 1.0;
				MTL_ENABLE_DEBUG_INFO = INCLUDE_SOURCE;
				MTL_FAST_MATH = YES;
				PRODUCT_BUNDLE_IDENTIFIER = org.issieshapiro.test.Playground.IssieBoard;
				PRODUCT_NAME = "$(TARGET_NAME)";
				SKIP_INSTALL = YES;
				STRING_CATALOG_GENERATE_SYMBOLS = YES;
				SWIFT_ACTIVE_COMPILATION_CONDITIONS = "DEBUG $(inherited)";
				SWIFT_APPROACHABLE_CONCURRENCY = YES;
				SWIFT_EMIT_LOC_STRINGS = YES;
				SWIFT_OPTIMIZATION_LEVEL = "-Onone";
				SWIFT_UPCOMING_FEATURE_MEMBER_IMPORT_VISIBILITY = YES;
				SWIFT_VERSION = 5.0;
				TARGETED_DEVICE_FAMILY = "1,2";
			};
			name = Debug;
		};
		6A1E33682F22091300035455 /* Release */ = {
			isa = XCBuildConfiguration;
			buildSettings = {
				ASSETCATALOG_COMPILER_GENERATE_SWIFT_ASSET_SYMBOL_EXTENSIONS = YES;
				CLANG_ANALYZER_NONNULL = YES;
				CLANG_ANALYZER_NUMBER_OBJECT_CONVERSION = YES_AGGRESSIVE;
				CLANG_CXX_LANGUAGE_STANDARD = "gnu++20";
				CLANG_ENABLE_OBJC_WEAK = YES;
				CLANG_WARN_DOCUMENTATION_COMMENTS = YES;
				CLANG_WARN_UNGUARDED_AVAILABILITY = YES_AGGRESSIVE;
				CODE_SIGN_ENTITLEMENTS = IssieBoard/IssieBoard.entitlements;
				CODE_SIGN_STYLE = Automatic;
				COPY_PHASE_STRIP = NO;
				CURRENT_PROJECT_VERSION = 1;
				DEBUG_INFORMATION_FORMAT = "dwarf-with-dsym";
				DEVELOPMENT_TEAM = SKNJT9TD9G;
				ENABLE_USER_SCRIPT_SANDBOXING = YES;
				GCC_C_LANGUAGE_STANDARD = gnu17;
				GENERATE_INFOPLIST_FILE = YES;
				INFOPLIST_FILE = IssieBoard/Info.plist;
				INFOPLIST_KEY_CFBundleDisplayName = IssieBoard;
				INFOPLIST_KEY_NSHumanReadableCopyright = "";
				IPHONEOS_DEPLOYMENT_TARGET = 26.2;
				LD_RUNPATH_SEARCH_PATHS = (
					"$(inherited)",
					"@executable_path/Frameworks",
					"@executable_path/../../Frameworks",
				);
				LOCALIZATION_PREFERS_STRING_CATALOGS = YES;
				MARKETING_VERSION = 1.0;
				MTL_FAST_MATH = YES;
				PRODUCT_BUNDLE_IDENTIFIER = org.issieshapiro.test.Playground.IssieBoard;
				PRODUCT_NAME = "$(TARGET_NAME)";
				SKIP_INSTALL = YES;
				STRING_CATALOG_GENERATE_SYMBOLS = YES;
				SWIFT_APPROACHABLE_CONCURRENCY = YES;
				SWIFT_COMPILATION_MODE = wholemodule;
				SWIFT_EMIT_LOC_STRINGS = YES;
				SWIFT_UPCOMING_FEATURE_MEMBER_IMPORT_VISIBILITY = YES;
				SWIFT_VERSION = 5.0;
				TARGETED_DEVICE_FAMILY = "1,2";
			};
			name = Release;
		};
		6ACC1DFD2F2AB0A900F1FA30 /* Debug */ = {
			isa = XCBuildConfiguration;
			buildSettings = {
				ASSETCATALOG_COMPILER_GENERATE_SWIFT_ASSET_SYMBOL_EXTENSIONS = YES;
				BUNDLE_LOADER = "$(TEST_HOST)";
				CLANG_ANALYZER_NONNULL = YES;
				CLANG_ANALYZER_NUMBER_OBJECT_CONVERSION = YES_AGGRESSIVE;
				CLANG_CXX_LANGUAGE_STANDARD = "gnu++20";
				CLANG_ENABLE_OBJC_WEAK = YES;
				CLANG_WARN_DOCUMENTATION_COMMENTS = YES;
				CLANG_WARN_UNGUARDED_AVAILABILITY = YES_AGGRESSIVE;
				CODE_SIGN_STYLE = Automatic;
				CURRENT_PROJECT_VERSION = 1;
				DEBUG_INFORMATION_FORMAT = dwarf;
				DEVELOPMENT_TEAM = SKNJT9TD9G;
				ENABLE_USER_SCRIPT_SANDBOXING = YES;
				GCC_C_LANGUAGE_STANDARD = gnu17;
				GENERATE_INFOPLIST_FILE = YES;
				IPHONEOS_DEPLOYMENT_TARGET = 26.2;
				LOCALIZATION_PREFERS_STRING_CATALOGS = YES;
				MARKETING_VERSION = 1.0;
				MTL_ENABLE_DEBUG_INFO = INCLUDE_SOURCE;
				MTL_FAST_MATH = YES;
				PRODUCT_BUNDLE_IDENTIFIER = issieshapito.IssieBoardNGTests;
				PRODUCT_NAME = "$(TARGET_NAME)";
				STRING_CATALOG_GENERATE_SYMBOLS = NO;
				SWIFT_ACTIVE_COMPILATION_CONDITIONS = "DEBUG $(inherited)";
				SWIFT_APPROACHABLE_CONCURRENCY = YES;
				SWIFT_EMIT_LOC_STRINGS = NO;
				SWIFT_OPTIMIZATION_LEVEL = "-Onone";
				SWIFT_UPCOMING_FEATURE_MEMBER_IMPORT_VISIBILITY = YES;
				SWIFT_VERSION = 5.0;
				TARGETED_DEVICE_FAMILY = "1,2";
				TEST_HOST = "$(BUILT_PRODUCTS_DIR)/IssieBoardNG.app/$(BUNDLE_EXECUTABLE_FOLDER_PATH)/IssieBoardNG";
			};
			name = Debug;
		};
		6ACC1DFE2F2AB0A900F1FA30 /* Release */ = {
			isa = XCBuildConfiguration;
			buildSettings = {
				ASSETCATALOG_COMPILER_GENERATE_SWIFT_ASSET_SYMBOL_EXTENSIONS = YES;
				BUNDLE_LOADER = "$(TEST_HOST)";
				CLANG_ANALYZER_NONNULL = YES;
				CLANG_ANALYZER_NUMBER_OBJECT_CONVERSION = YES_AGGRESSIVE;
				CLANG_CXX_LANGUAGE_STANDARD = "gnu++20";
				CLANG_ENABLE_OBJC_WEAK = YES;
				CLANG_WARN_DOCUMENTATION_COMMENTS = YES;
				CLANG_WARN_UNGUARDED_AVAILABILITY = YES_AGGRESSIVE;
				CODE_SIGN_STYLE = Automatic;
				COPY_PHASE_STRIP = NO;
				CURRENT_PROJECT_VERSION = 1;
				DEBUG_INFORMATION_FORMAT = "dwarf-with-dsym";
				DEVELOPMENT_TEAM = SKNJT9TD9G;
				ENABLE_USER_SCRIPT_SANDBOXING = YES;
				GCC_C_LANGUAGE_STANDARD = gnu17;
				GENERATE_INFOPLIST_FILE = YES;
				IPHONEOS_DEPLOYMENT_TARGET = 26.2;
				LOCALIZATION_PREFERS_STRING_CATALOGS = YES;
				MARKETING_VERSION = 1.0;
				MTL_FAST_MATH = YES;
				PRODUCT_BUNDLE_IDENTIFIER = issieshapito.IssieBoardNGTests;
				PRODUCT_NAME = "$(TARGET_NAME)";
				STRING_CATALOG_GENERATE_SYMBOLS = NO;
				SWIFT_APPROACHABLE_CONCURRENCY = YES;
				SWIFT_COMPILATION_MODE = wholemodule;
				SWIFT_EMIT_LOC_STRINGS = NO;
				SWIFT_UPCOMING_FEATURE_MEMBER_IMPORT_VISIBILITY = YES;
				SWIFT_VERSION = 5.0;
				TARGETED_DEVICE_FAMILY = "1,2";
				TEST_HOST = "$(BUILT_PRODUCTS_DIR)/IssieBoardNG.app/$(BUNDLE_EXECUTABLE_FOLDER_PATH)/IssieBoardNG";
			};
			name = Release;
		};
		83CBBA201A601CBA00E9B192 /* Debug */ = {
			isa = XCBuildConfiguration;
			buildSettings = {
				ALWAYS_SEARCH_USER_PATHS = NO;
				CLANG_ANALYZER_LOCALIZABILITY_NONLOCALIZED = YES;
				CLANG_CXX_LANGUAGE_STANDARD = "c++20";
				CLANG_CXX_LIBRARY = "libc++";
				CLANG_ENABLE_MODULES = YES;
				CLANG_ENABLE_OBJC_ARC = YES;
				CLANG_WARN_BLOCK_CAPTURE_AUTORELEASING = YES;
				CLANG_WARN_BOOL_CONVERSION = YES;
				CLANG_WARN_COMMA = YES;
				CLANG_WARN_CONSTANT_CONVERSION = YES;
				CLANG_WARN_DEPRECATED_OBJC_IMPLEMENTATIONS = YES;
				CLANG_WARN_DIRECT_OBJC_ISA_USAGE = YES_ERROR;
				CLANG_WARN_EMPTY_BODY = YES;
				CLANG_WARN_ENUM_CONVERSION = YES;
				CLANG_WARN_INFINITE_RECURSION = YES;
				CLANG_WARN_INT_CONVERSION = YES;
				CLANG_WARN_NON_LITERAL_NULL_CONVERSION = YES;
				CLANG_WARN_OBJC_IMPLICIT_RETAIN_SELF = YES;
				CLANG_WARN_OBJC_LITERAL_CONVERSION = YES;
				CLANG_WARN_OBJC_ROOT_CLASS = YES_ERROR;
				CLANG_WARN_QUOTED_INCLUDE_IN_FRAMEWORK_HEADER = YES;
				CLANG_WARN_RANGE_LOOP_ANALYSIS = YES;
				CLANG_WARN_STRICT_PROTOTYPES = YES;
				CLANG_WARN_SUSPICIOUS_MOVE = YES;
				CLANG_WARN_UNREACHABLE_CODE = YES;
				CLANG_WARN__DUPLICATE_METHOD_MATCH = YES;
				"CODE_SIGN_IDENTITY[sdk=iphoneos*]" = "iPhone Developer";
				COPY_PHASE_STRIP = NO;
				ENABLE_STRICT_OBJC_MSGSEND = YES;
				ENABLE_TESTABILITY = YES;
				"EXCLUDED_ARCHS[sdk=iphonesimulator*]" = "";
				GCC_C_LANGUAGE_STANDARD = gnu99;
				GCC_DYNAMIC_NO_PIC = NO;
				GCC_NO_COMMON_BLOCKS = YES;
				GCC_OPTIMIZATION_LEVEL = 0;
				GCC_PREPROCESSOR_DEFINITIONS = (
					"DEBUG=1",
					"$(inherited)",
				);
				GCC_SYMBOLS_PRIVATE_EXTERN = NO;
				GCC_WARN_64_TO_32_BIT_CONVERSION = YES;
				GCC_WARN_ABOUT_RETURN_TYPE = YES_ERROR;
				GCC_WARN_UNDECLARED_SELECTOR = YES;
				GCC_WARN_UNINITIALIZED_AUTOS = YES_AGGRESSIVE;
				GCC_WARN_UNUSED_FUNCTION = YES;
				GCC_WARN_UNUSED_VARIABLE = YES;
				IPHONEOS_DEPLOYMENT_TARGET = 15.1;
				LD_RUNPATH_SEARCH_PATHS = (
					/usr/lib/swift,
					"$(inherited)",
				);
				LIBRARY_SEARCH_PATHS = (
					"\"$(SDKROOT)/usr/lib/swift\"",
					"\"$(TOOLCHAIN_DIR)/usr/lib/swift/$(PLATFORM_NAME)\"",
					"\"$(inherited)\"",
				);
				MTL_ENABLE_DEBUG_INFO = YES;
				ONLY_ACTIVE_ARCH = YES;
				OTHER_CFLAGS = "$(inherited)";
				OTHER_CPLUSPLUSFLAGS = (
					"$(OTHER_CFLAGS)",
					"-DFOLLY_NO_CONFIG",
					"-DFOLLY_MOBILE=1",
					"-DFOLLY_USE_LIBCPP=1",
					"-DFOLLY_CFG_NO_COROUTINES=1",
					"-DFOLLY_HAVE_CLOCK_GETTIME=1",
				);
				REACT_NATIVE_PATH = "${PODS_ROOT}/../../node_modules/react-native";
				SDKROOT = iphoneos;
				SWIFT_ACTIVE_COMPILATION_CONDITIONS = "$(inherited) DEBUG";
				USE_HERMES = true;
			};
			name = Debug;
		};
		83CBBA211A601CBA00E9B192 /* Release */ = {
			isa = XCBuildConfiguration;
			buildSettings = {
				ALWAYS_SEARCH_USER_PATHS = NO;
				CLANG_ANALYZER_LOCALIZABILITY_NONLOCALIZED = YES;
				CLANG_CXX_LANGUAGE_STANDARD = "c++20";
				CLANG_CXX_LIBRARY = "libc++";
				CLANG_ENABLE_MODULES = YES;
				CLANG_ENABLE_OBJC_ARC = YES;
				CLANG_WARN_BLOCK_CAPTURE_AUTORELEASING = YES;
				CLANG_WARN_BOOL_CONVERSION = YES;
				CLANG_WARN_COMMA = YES;
				CLANG_WARN_CONSTANT_CONVERSION = YES;
				CLANG_WARN_DEPRECATED_OBJC_IMPLEMENTATIONS = YES;
				CLANG_WARN_DIRECT_OBJC_ISA_USAGE = YES_ERROR;
				CLANG_WARN_EMPTY_BODY = YES;
				CLANG_WARN_ENUM_CONVERSION = YES;
				CLANG_WARN_INFINITE_RECURSION = YES;
				CLANG_WARN_INT_CONVERSION = YES;
				CLANG_WARN_NON_LITERAL_NULL_CONVERSION = YES;
				CLANG_WARN_OBJC_IMPLICIT_RETAIN_SELF = YES;
				CLANG_WARN_OBJC_LITERAL_CONVERSION = YES;
				CLANG_WARN_OBJC_ROOT_CLASS = YES_ERROR;
				CLANG_WARN_QUOTED_INCLUDE_IN_FRAMEWORK_HEADER = YES;
				CLANG_WARN_RANGE_LOOP_ANALYSIS = YES;
				CLANG_WARN_STRICT_PROTOTYPES = YES;
				CLANG_WARN_SUSPICIOUS_MOVE = YES;
				CLANG_WARN_UNREACHABLE_CODE = YES;
				CLANG_WARN__DUPLICATE_METHOD_MATCH = YES;
				"CODE_SIGN_IDENTITY[sdk=iphoneos*]" = "iPhone Developer";
				COPY_PHASE_STRIP = YES;
				ENABLE_NS_ASSERTIONS = NO;
				ENABLE_STRICT_OBJC_MSGSEND = YES;
				"EXCLUDED_ARCHS[sdk=iphonesimulator*]" = "";
				GCC_C_LANGUAGE_STANDARD = gnu99;
				GCC_NO_COMMON_BLOCKS = YES;
				GCC_WARN_64_TO_32_BIT_CONVERSION = YES;
				GCC_WARN_ABOUT_RETURN_TYPE = YES_ERROR;
				GCC_WARN_UNDECLARED_SELECTOR = YES;
				GCC_WARN_UNINITIALIZED_AUTOS = YES_AGGRESSIVE;
				GCC_WARN_UNUSED_FUNCTION = YES;
				GCC_WARN_UNUSED_VARIABLE = YES;
				IPHONEOS_DEPLOYMENT_TARGET = 15.1;
				LD_RUNPATH_SEARCH_PATHS = (
					/usr/lib/swift,
					"$(inherited)",
				);
				LIBRARY_SEARCH_PATHS = (
					"\"$(SDKROOT)/usr/lib/swift\"",
					"\"$(TOOLCHAIN_DIR)/usr/lib/swift/$(PLATFORM_NAME)\"",
					"\"$(inherited)\"",
				);
				MTL_ENABLE_DEBUG_INFO = NO;
				OTHER_CFLAGS = "$(inherited)";
				OTHER_CPLUSPLUSFLAGS = (
					"$(OTHER_CFLAGS)",
					"-DFOLLY_NO_CONFIG",
					"-DFOLLY_MOBILE=1",
					"-DFOLLY_USE_LIBCPP=1",
					"-DFOLLY_CFG_NO_COROUTINES=1",
					"-DFOLLY_HAVE_CLOCK_GETTIME=1",
				);
				REACT_NATIVE_PATH = "${PODS_ROOT}/../../node_modules/react-native";
				SDKROOT = iphoneos;
				USE_HERMES = true;
				VALIDATE_PRODUCT = YES;
			};
			name = Release;
		};
/* End XCBuildConfiguration section */

/* Begin XCConfigurationList section */
		13B07F931A680F5B00A75B9A /* Build configuration list for PBXNativeTarget "IssieBoardNG" */ = {
			isa = XCConfigurationList;
			buildConfigurations = (
				13B07F941A680F5B00A75B9A /* Debug */,
				13B07F951A680F5B00A75B9A /* Release */,
			);
			defaultConfigurationIsVisible = 0;
			defaultConfigurationName = Release;
		};
		6A1E336A2F22091300035455 /* Build configuration list for PBXNativeTarget "IssieBoard" */ = {
			isa = XCConfigurationList;
			buildConfigurations = (
				6A1E33672F22091300035455 /* Debug */,
				6A1E33682F22091300035455 /* Release */,
			);
			defaultConfigurationIsVisible = 0;
			defaultConfigurationName = Release;
		};
		6ACC1DFF2F2AB0A900F1FA30 /* Build configuration list for PBXNativeTarget "IssieBoardNGTests" */ = {
			isa = XCConfigurationList;
			buildConfigurations = (
				6ACC1DFD2F2AB0A900F1FA30 /* Debug */,
				6ACC1DFE2F2AB0A900F1FA30 /* Release */,
			);
			defaultConfigurationIsVisible = 0;
			defaultConfigurationName = Release;
		};
		83CBB9FA1A601CBA00E9B192 /* Build configuration list for PBXProject "IssieBoardNG" */ = {
			isa = XCConfigurationList;
			buildConfigurations = (
				83CBBA201A601CBA00E9B192 /* Debug */,
				83CBBA211A601CBA00E9B192 /* Release */,
			);
			defaultConfigurationIsVisible = 0;
			defaultConfigurationName = Release;
		};
/* End XCConfigurationList section */
	};
	rootObject = 83CBB9F71A601CBA00E9B192 /* Project object */;
}
